// !$*UTF8*$!
{
	archiveVersion = 1;
	classes = {
	};
	objectVersion = 77;
	objects = {

/* Begin PBXBuildFile section */
		79196E382F44EBEE001AEFEB /* note_detail_webview in Resources */ = {isa = PBXBuildFile; fileRef = 79196E372F44EBEE001AEFEB /* note_detail_webview */; };
		7931270B2F1ABA5500140215 /* FlusterMdx in Frameworks */ = {isa = PBXBuildFile; productRef = 79E6BEDD2F1992BC00A82F5A /* FlusterMdx */; };
		794FD4652F4A489100F8194A /* FlusterMdx in Frameworks */ = {isa = PBXBuildFile; productRef = 794FD4642F4A489100F8194A /* FlusterMdx */; };
		794FD4682F4A48AF00F8194A /* FlusterWebviewClients in Frameworks */ = {isa = PBXBuildFile; productRef = 794FD4672F4A48AF00F8194A /* FlusterWebviewClients */; };
		794FD46B2F4A492100F8194A /* FlusterSwift in Frameworks */ = {isa = PBXBuildFile; productRef = 794FD46A2F4A492100F8194A /* FlusterSwift */; };
		7969B85C2F4CA45C00B42E50 /* dictionary_webview in Resources */ = {isa = PBXBuildFile; fileRef = 7969B85B2F4CA45C00B42E50 /* dictionary_webview */; };
		7970D3762F1FE24300A734F4 /* splitview_mdx_editor in Resources */ = {isa = PBXBuildFile; fileRef = 7970D3752F1FE24300A734F4 /* splitview_mdx_editor */; };
		7970D3882F201A2F00A734F4 /* WebKit.framework in Frameworks */ = {isa = PBXBuildFile; fileRef = 7970D3872F201A2F00A734F4 /* WebKit.framework */; };
		79A1B99A2F4A60B200B451B2 /* bibliography_embedded in Resources */ = {isa = PBXBuildFile; fileRef = 79A1B9992F4A60B200B451B2 /* bibliography_embedded */; };
		79BC1C562F46627300E8A9AA /* bibtex_editor_webview in Resources */ = {isa = PBXBuildFile; fileRef = 79BC1C552F46627300E8A9AA /* bibtex_editor_webview */; };
		79CB006F2F40008600C7BDFB /* standalone_mdx_preview in Resources */ = {isa = PBXBuildFile; fileRef = 79CB006E2F40008600C7BDFB /* standalone_mdx_preview */; };
		79CB00722F4000F700C7BDFB /* FlusterWebviewClients in Frameworks */ = {isa = PBXBuildFile; productRef = 79CB00712F4000F700C7BDFB /* FlusterWebviewClients */; };
		79E6BEE12F19930200A82F5A /* FlusterData in Frameworks */ = {isa = PBXBuildFile; productRef = 79E6BEE02F19930200A82F5A /* FlusterData */; };
/* End PBXBuildFile section */

/* Begin PBXContainerItemProxy section */
		798752FB2F1810BA0055ABF1 /* PBXContainerItemProxy */ = {
			isa = PBXContainerItemProxy;
			containerPortal = 798752E22F1810B90055ABF1 /* Project object */;
			proxyType = 1;
			remoteGlobalIDString = 798752E92F1810B90055ABF1;
			remoteInfo = "Fluster Desktop";
		};
		798753052F1810BA0055ABF1 /* PBXContainerItemProxy */ = {
			isa = PBXContainerItemProxy;
			containerPortal = 798752E22F1810B90055ABF1 /* Project object */;
			proxyType = 1;
			remoteGlobalIDString = 798752E92F1810B90055ABF1;
			remoteInfo = "Fluster Desktop";
		};
/* End PBXContainerItemProxy section */

/* Begin PBXFileReference section */
		79196E372F44EBEE001AEFEB /* note_detail_webview */ = {isa = PBXFileReference; lastKnownFileType = folder; name = note_detail_webview; path = ../../packages/webviews/note_detail_webview/note_detail_webview; sourceTree = "<group>"; };
		7969B85B2F4CA45C00B42E50 /* dictionary_webview */ = {isa = PBXFileReference; lastKnownFileType = folder; name = dictionary_webview; path = ../../packages/webviews/dictionary_webview/dictionary_webview; sourceTree = "<group>"; };
		7970D3752F1FE24300A734F4 /* splitview_mdx_editor */ = {isa = PBXFileReference; lastKnownFileType = folder; name = splitview_mdx_editor; path = ../../packages/webviews/splitview_mdx_editor/splitview_mdx_editor; sourceTree = "<group>"; };
		7970D3872F201A2F00A734F4 /* WebKit.framework */ = {isa = PBXFileReference; lastKnownFileType = wrapper.framework; name = WebKit.framework; path = System/Library/Frameworks/WebKit.framework; sourceTree = SDKROOT; };
		798752EA2F1810B90055ABF1 /* Fluster.app */ = {isa = PBXFileReference; explicitFileType = wrapper.application; includeInIndex = 0; path = Fluster.app; sourceTree = BUILT_PRODUCTS_DIR; };
		798752FA2F1810BA0055ABF1 /* FlusterTests.xctest */ = {isa = PBXFileReference; explicitFileType = wrapper.cfbundle; includeInIndex = 0; path = FlusterTests.xctest; sourceTree = BUILT_PRODUCTS_DIR; };
		798753042F1810BA0055ABF1 /* FlusterUITests.xctest */ = {isa = PBXFileReference; explicitFileType = wrapper.cfbundle; includeInIndex = 0; path = FlusterUITests.xctest; sourceTree = BUILT_PRODUCTS_DIR; };
		79A1B9972F4A608D00B451B2 /* embedded */ = {isa = PBXFileReference; lastKnownFileType = folder; name = embedded; path = ../../packages/rust/fluster_bibliography/embedded; sourceTree = "<group>"; };
		79A1B9992F4A60B200B451B2 /* bibliography_embedded */ = {isa = PBXFileReference; lastKnownFileType = folder; name = bibliography_embedded; path = ../../packages/rust/fluster_bibliography/bibliography_embedded; sourceTree = "<group>"; };
		79BC1C552F46627300E8A9AA /* bibtex_editor_webview */ = {isa = PBXFileReference; lastKnownFileType = folder; name = bibtex_editor_webview; path = ../../packages/webviews/bibtex_editor_webview/bibtex_editor_webview; sourceTree = "<group>"; };
		79CB006E2F40008600C7BDFB /* standalone_mdx_preview */ = {isa = PBXFileReference; lastKnownFileType = folder; name = standalone_mdx_preview; path = ../../packages/webviews/standalone_mdx_preview/standalone_mdx_preview; sourceTree = "<group>"; };
/* End PBXFileReference section */

/* Begin PBXFileSystemSynchronizedBuildFileExceptionSet section */
		7987530C2F1810BA0055ABF1 /* Exceptions for "Fluster Desktop" folder in "Fluster" target */ = {
			isa = PBXFileSystemSynchronizedBuildFileExceptionSet;
			membershipExceptions = (
				Info.plist,
			);
			target = 798752E92F1810B90055ABF1 /* Fluster */;
		};
/* End PBXFileSystemSynchronizedBuildFileExceptionSet section */

/* Begin PBXFileSystemSynchronizedRootGroup section */
		798752EC2F1810B90055ABF1 /* Fluster Desktop */ = {
			isa = PBXFileSystemSynchronizedRootGroup;
			exceptions = (
				7987530C2F1810BA0055ABF1 /* Exceptions for "Fluster Desktop" folder in "Fluster" target */,
			);
			path = "Fluster Desktop";
			sourceTree = "<group>";
		};
		798752FD2F1810BA0055ABF1 /* Fluster DesktopTests */ = {
			isa = PBXFileSystemSynchronizedRootGroup;
			path = "Fluster DesktopTests";
			sourceTree = "<group>";
		};
		798753072F1810BA0055ABF1 /* Fluster DesktopUITests */ = {
			isa = PBXFileSystemSynchronizedRootGroup;
			path = "Fluster DesktopUITests";
			sourceTree = "<group>";
		};
/* End PBXFileSystemSynchronizedRootGroup section */

/* Begin PBXFrameworksBuildPhase section */
		798752E72F1810B90055ABF1 /* Frameworks */ = {
			isa = PBXFrameworksBuildPhase;
			buildActionMask = 2147483647;
			files = (
				7931270B2F1ABA5500140215 /* FlusterMdx in Frameworks */,
				794FD4682F4A48AF00F8194A /* FlusterWebviewClients in Frameworks */,
				794FD46B2F4A492100F8194A /* FlusterSwift in Frameworks */,
				794FD4652F4A489100F8194A /* FlusterMdx in Frameworks */,
				79CB00722F4000F700C7BDFB /* FlusterWebviewClients in Frameworks */,
				79E6BEE12F19930200A82F5A /* FlusterData in Frameworks */,
				7970D3882F201A2F00A734F4 /* WebKit.framework in Frameworks */,
			);
			runOnlyForDeploymentPostprocessing = 0;
		};
		798752F72F1810BA0055ABF1 /* Frameworks */ = {
			isa = PBXFrameworksBuildPhase;
			buildActionMask = 2147483647;
			files = (
			);
			runOnlyForDeploymentPostprocessing = 0;
		};
		798753012F1810BA0055ABF1 /* Frameworks */ = {
			isa = PBXFrameworksBuildPhase;
			buildActionMask = 2147483647;
			files = (
			);
			runOnlyForDeploymentPostprocessing = 0;
		};
/* End PBXFrameworksBuildPhase section */

/* Begin PBXGroup section */
		798752E12F1810B90055ABF1 = {
			isa = PBXGroup;
			children = (
				7969B85B2F4CA45C00B42E50 /* dictionary_webview */,
				79A1B9992F4A60B200B451B2 /* bibliography_embedded */,
				79A1B9972F4A608D00B451B2 /* embedded */,
				79BC1C552F46627300E8A9AA /* bibtex_editor_webview */,
				79196E372F44EBEE001AEFEB /* note_detail_webview */,
				79CB006E2F40008600C7BDFB /* standalone_mdx_preview */,
				7970D3752F1FE24300A734F4 /* splitview_mdx_editor */,
				798752EC2F1810B90055ABF1 /* Fluster Desktop */,
				798752FD2F1810BA0055ABF1 /* Fluster DesktopTests */,
				798753072F1810BA0055ABF1 /* Fluster DesktopUITests */,
				79ABF78A2F185677003157C8 /* Frameworks */,
				798752EB2F1810B90055ABF1 /* Products */,
			);
			sourceTree = "<group>";
		};
		798752EB2F1810B90055ABF1 /* Products */ = {
			isa = PBXGroup;
			children = (
				798752EA2F1810B90055ABF1 /* Fluster.app */,
				798752FA2F1810BA0055ABF1 /* FlusterTests.xctest */,
				798753042F1810BA0055ABF1 /* FlusterUITests.xctest */,
			);
			name = Products;
			sourceTree = "<group>";
		};
		79ABF78A2F185677003157C8 /* Frameworks */ = {
			isa = PBXGroup;
			children = (
				7970D3872F201A2F00A734F4 /* WebKit.framework */,
			);
			name = Frameworks;
			sourceTree = "<group>";
		};
/* End PBXGroup section */

/* Begin PBXNativeTarget section */
		798752E92F1810B90055ABF1 /* Fluster */ = {
			isa = PBXNativeTarget;
			buildConfigurationList = 7987530D2F1810BA0055ABF1 /* Build configuration list for PBXNativeTarget "Fluster" */;
			buildPhases = (
				798752E62F1810B90055ABF1 /* Sources */,
				798752E72F1810B90055ABF1 /* Frameworks */,
				798752E82F1810B90055ABF1 /* Resources */,
			);
			buildRules = (
			);
			dependencies = (
			);
			fileSystemSynchronizedGroups = (
				798752EC2F1810B90055ABF1 /* Fluster Desktop */,
			);
			name = Fluster;
			packageProductDependencies = (
				79E6BEDD2F1992BC00A82F5A /* FlusterMdx */,
				79E6BEE02F19930200A82F5A /* FlusterData */,
				79CB00712F4000F700C7BDFB /* FlusterWebviewClients */,
				794FD4642F4A489100F8194A /* FlusterMdx */,
				794FD4672F4A48AF00F8194A /* FlusterWebviewClients */,
				794FD46A2F4A492100F8194A /* FlusterSwift */,
			);
			productName = "Fluster Desktop";
			productReference = 798752EA2F1810B90055ABF1 /* Fluster.app */;
			productType = "com.apple.product-type.application";
		};
		798752F92F1810BA0055ABF1 /* FlusterTests */ = {
			isa = PBXNativeTarget;
			buildConfigurationList = 798753122F1810BA0055ABF1 /* Build configuration list for PBXNativeTarget "FlusterTests" */;
			buildPhases = (
				798752F62F1810BA0055ABF1 /* Sources */,
				798752F72F1810BA0055ABF1 /* Frameworks */,
				798752F82F1810BA0055ABF1 /* Resources */,
			);
			buildRules = (
			);
			dependencies = (
				798752FC2F1810BA0055ABF1 /* PBXTargetDependency */,
			);
			fileSystemSynchronizedGroups = (
				798752FD2F1810BA0055ABF1 /* Fluster DesktopTests */,
			);
			name = FlusterTests;
			packageProductDependencies = (
			);
			productName = "Fluster DesktopTests";
			productReference = 798752FA2F1810BA0055ABF1 /* FlusterTests.xctest */;
			productType = "com.apple.product-type.bundle.unit-test";
		};
		798753032F1810BA0055ABF1 /* FlusterUITests */ = {
			isa = PBXNativeTarget;
			buildConfigurationList = 798753152F1810BA0055ABF1 /* Build configuration list for PBXNativeTarget "FlusterUITests" */;
			buildPhases = (
				798753002F1810BA0055ABF1 /* Sources */,
				798753012F1810BA0055ABF1 /* Frameworks */,
				798753022F1810BA0055ABF1 /* Resources */,
			);
			buildRules = (
			);
			dependencies = (
				798753062F1810BA0055ABF1 /* PBXTargetDependency */,
			);
			fileSystemSynchronizedGroups = (
				798753072F1810BA0055ABF1 /* Fluster DesktopUITests */,
			);
			name = FlusterUITests;
			packageProductDependencies = (
			);
			productName = "Fluster DesktopUITests";
			productReference = 798753042F1810BA0055ABF1 /* FlusterUITests.xctest */;
			productType = "com.apple.product-type.bundle.ui-testing";
		};
/* End PBXNativeTarget section */

/* Begin PBXProject section */
		798752E22F1810B90055ABF1 /* Project object */ = {
			isa = PBXProject;
			attributes = {
				BuildIndependentTargetsInParallel = 1;
				LastSwiftUpdateCheck = 2620;
				LastUpgradeCheck = 2620;
				TargetAttributes = {
					798752E92F1810B90055ABF1 = {
						CreatedOnToolsVersion = 26.2;
					};
					798752F92F1810BA0055ABF1 = {
						CreatedOnToolsVersion = 26.2;
						TestTargetID = 798752E92F1810B90055ABF1;
					};
					798753032F1810BA0055ABF1 = {
						CreatedOnToolsVersion = 26.2;
						TestTargetID = 798752E92F1810B90055ABF1;
					};
				};
			};
			buildConfigurationList = 798752E52F1810B90055ABF1 /* Build configuration list for PBXProject "Fluster" */;
			developmentRegion = en;
			hasScannedForEncodings = 0;
			knownRegions = (
				en,
				Base,
			);
			mainGroup = 798752E12F1810B90055ABF1;
			minimizedProjectReferenceProxies = 1;
			packageReferences = (
				7993631E2F19889800FB95E7 /* XCLocalSwiftPackageReference "../../packages/rust/fluster_swift_mdx_parser/FlusterSwiftMdxParser" */,
				79E6BEDF2F19930200A82F5A /* XCLocalSwiftPackageReference "../../packages/swift/FlusterData" */,
				794FD4632F4A489100F8194A /* XCLocalSwiftPackageReference "../../packages/swift/FlusterMdx" */,
				794FD4662F4A48AF00F8194A /* XCLocalSwiftPackageReference "../../packages/swift/FlusterWebviewClients" */,
				794FD4692F4A492100F8194A /* XCLocalSwiftPackageReference "../../packages/swift/FlusterSwift" */,
			);
			preferredProjectObjectVersion = 77;
			productRefGroup = 798752EB2F1810B90055ABF1 /* Products */;
			projectDirPath = "";
			projectRoot = "";
			targets = (
				798752E92F1810B90055ABF1 /* Fluster */,
				798752F92F1810BA0055ABF1 /* FlusterTests */,
				798753032F1810BA0055ABF1 /* FlusterUITests */,
			);
		};
/* End PBXProject section */

/* Begin PBXResourcesBuildPhase section */
		798752E82F1810B90055ABF1 /* Resources */ = {
			isa = PBXResourcesBuildPhase;
			buildActionMask = 2147483647;
			files = (
				7969B85C2F4CA45C00B42E50 /* dictionary_webview in Resources */,
				79A1B99A2F4A60B200B451B2 /* bibliography_embedded in Resources */,
				79BC1C562F46627300E8A9AA /* bibtex_editor_webview in Resources */,
				79196E382F44EBEE001AEFEB /* note_detail_webview in Resources */,
				79CB006F2F40008600C7BDFB /* standalone_mdx_preview in Resources */,
				7970D3762F1FE24300A734F4 /* splitview_mdx_editor in Resources */,
			);
			runOnlyForDeploymentPostprocessing = 0;
		};
		798752F82F1810BA0055ABF1 /* Resources */ = {
			isa = PBXResourcesBuildPhase;
			buildActionMask = 2147483647;
			files = (
			);
			runOnlyForDeploymentPostprocessing = 0;
		};
		798753022F1810BA0055ABF1 /* Resources */ = {
			isa = PBXResourcesBuildPhase;
			buildActionMask = 2147483647;
			files = (
			);
			runOnlyForDeploymentPostprocessing = 0;
		};
/* End PBXResourcesBuildPhase section */

/* Begin PBXSourcesBuildPhase section */
		798752E62F1810B90055ABF1 /* Sources */ = {
			isa = PBXSourcesBuildPhase;
			buildActionMask = 2147483647;
			files = (
			);
			runOnlyForDeploymentPostprocessing = 0;
		};
		798752F62F1810BA0055ABF1 /* Sources */ = {
			isa = PBXSourcesBuildPhase;
			buildActionMask = 2147483647;
			files = (
			);
			runOnlyForDeploymentPostprocessing = 0;
		};
		798753002F1810BA0055ABF1 /* Sources */ = {
			isa = PBXSourcesBuildPhase;
			buildActionMask = 2147483647;
			files = (
			);
			runOnlyForDeploymentPostprocessing = 0;
		};
/* End PBXSourcesBuildPhase section */

/* Begin PBXTargetDependency section */
		798752FC2F1810BA0055ABF1 /* PBXTargetDependency */ = {
			isa = PBXTargetDependency;
			target = 798752E92F1810B90055ABF1 /* Fluster */;
			targetProxy = 798752FB2F1810BA0055ABF1 /* PBXContainerItemProxy */;
		};
		798753062F1810BA0055ABF1 /* PBXTargetDependency */ = {
			isa = PBXTargetDependency;
			target = 798752E92F1810B90055ABF1 /* Fluster */;
			targetProxy = 798753052F1810BA0055ABF1 /* PBXContainerItemProxy */;
		};
/* End PBXTargetDependency section */

/* Begin XCBuildConfiguration section */
		7987530E2F1810BA0055ABF1 /* Debug */ = {
			isa = XCBuildConfiguration;
			buildSettings = {
				ASSETCATALOG_COMPILER_APPICON_NAME = AppIcon;
				ASSETCATALOG_COMPILER_GLOBAL_ACCENT_COLOR_NAME = AccentColor;
				ASSETCATALOG_COMPILER_INCLUDE_ALL_APPICON_ASSETS = YES;
				CODE_SIGN_STYLE = Automatic;
				COMBINE_HIDPI_IMAGES = YES;
				CURRENT_PROJECT_VERSION = 1;
				DEVELOPMENT_TEAM = H27PZFYGUZ;
				ENABLE_APP_SANDBOX = YES;
				ENABLE_HARDENED_RUNTIME = YES;
				ENABLE_INCOMING_NETWORK_CONNECTIONS = NO;
				ENABLE_OUTGOING_NETWORK_CONNECTIONS = YES;
				ENABLE_PREVIEWS = YES;
				ENABLE_RESOURCE_ACCESS_AUDIO_INPUT = NO;
				ENABLE_RESOURCE_ACCESS_BLUETOOTH = NO;
				ENABLE_RESOURCE_ACCESS_CALENDARS = NO;
				ENABLE_RESOURCE_ACCESS_CAMERA = NO;
				ENABLE_RESOURCE_ACCESS_CONTACTS = NO;
				ENABLE_RESOURCE_ACCESS_LOCATION = NO;
				ENABLE_RESOURCE_ACCESS_PRINTING = NO;
				ENABLE_RESOURCE_ACCESS_USB = NO;
				ENABLE_USER_SELECTED_FILES = readwrite;
				GENERATE_INFOPLIST_FILE = YES;
				INFOPLIST_FILE = "Fluster Desktop/Info.plist";
				INFOPLIST_KEY_CFBundleDisplayName = Fluster;
				INFOPLIST_KEY_LSApplicationCategoryType = "public.app-category.education";
				INFOPLIST_KEY_NSHumanReadableCopyright = "";
				LD_RUNPATH_SEARCH_PATHS = (
					"$(inherited)",
					"@executable_path/../Frameworks",
				);
				MACOSX_DEPLOYMENT_TARGET = 26.0;
				MARKETING_VERSION = 1.0;
				PRODUCT_BUNDLE_IDENTIFIER = "iglooDevelopment.Fluster-Desktop";
				PRODUCT_NAME = "$(TARGET_NAME)";
				REGISTER_APP_GROUPS = YES;
				STRING_CATALOG_GENERATE_SYMBOLS = YES;
				SWIFT_APPROACHABLE_CONCURRENCY = YES;
				SWIFT_DEFAULT_ACTOR_ISOLATION = MainActor;
				SWIFT_EMIT_LOC_STRINGS = YES;
				SWIFT_UPCOMING_FEATURE_MEMBER_IMPORT_VISIBILITY = YES;
				SWIFT_VERSION = 5.0;
			};
			name = Debug;
		};
		7987530F2F1810BA0055ABF1 /* Release */ = {
			isa = XCBuildConfiguration;
			buildSettings = {
				ASSETCATALOG_COMPILER_APPICON_NAME = AppIcon;
				ASSETCATALOG_COMPILER_GLOBAL_ACCENT_COLOR_NAME = AccentColor;
				ASSETCATALOG_COMPILER_INCLUDE_ALL_APPICON_ASSETS = YES;
				CODE_SIGN_STYLE = Automatic;
				COMBINE_HIDPI_IMAGES = YES;
				CURRENT_PROJECT_VERSION = 1;
				DEVELOPMENT_TEAM = H27PZFYGUZ;
				ENABLE_APP_SANDBOX = YES;
				ENABLE_HARDENED_RUNTIME = YES;
				ENABLE_INCOMING_NETWORK_CONNECTIONS = NO;
				ENABLE_OUTGOING_NETWORK_CONNECTIONS = YES;
				ENABLE_PREVIEWS = YES;
				ENABLE_RESOURCE_ACCESS_AUDIO_INPUT = NO;
				ENABLE_RESOURCE_ACCESS_BLUETOOTH = NO;
				ENABLE_RESOURCE_ACCESS_CALENDARS = NO;
				ENABLE_RESOURCE_ACCESS_CAMERA = NO;
				ENABLE_RESOURCE_ACCESS_CONTACTS = NO;
				ENABLE_RESOURCE_ACCESS_LOCATION = NO;
				ENABLE_RESOURCE_ACCESS_PRINTING = NO;
				ENABLE_RESOURCE_ACCESS_USB = NO;
				ENABLE_USER_SELECTED_FILES = readwrite;
				GENERATE_INFOPLIST_FILE = YES;
				INFOPLIST_FILE = "Fluster Desktop/Info.plist";
				INFOPLIST_KEY_CFBundleDisplayName = Fluster;
				INFOPLIST_KEY_LSApplicationCategoryType = "public.app-category.education";
				INFOPLIST_KEY_NSHumanReadableCopyright = "";
				LD_RUNPATH_SEARCH_PATHS = (
					"$(inherited)",
					"@executable_path/../Frameworks",
				);
				MACOSX_DEPLOYMENT_TARGET = 26.0;
				MARKETING_VERSION = 1.0;
				PRODUCT_BUNDLE_IDENTIFIER = "iglooDevelopment.Fluster-Desktop";
				PRODUCT_NAME = "$(TARGET_NAME)";
				REGISTER_APP_GROUPS = YES;
				STRING_CATALOG_GENERATE_SYMBOLS = YES;
				SWIFT_APPROACHABLE_CONCURRENCY = YES;
				SWIFT_DEFAULT_ACTOR_ISOLATION = MainActor;
				SWIFT_EMIT_LOC_STRINGS = YES;
				SWIFT_UPCOMING_FEATURE_MEMBER_IMPORT_VISIBILITY = YES;
				SWIFT_VERSION = 5.0;
			};
			name = Release;
		};
		798753102F1810BA0055ABF1 /* Debug */ = {
			isa = XCBuildConfiguration;
			buildSettings = {
				ALWAYS_SEARCH_USER_PATHS = NO;
				ASSETCATALOG_COMPILER_GENERATE_SWIFT_ASSET_SYMBOL_EXTENSIONS = YES;
				CLANG_ANALYZER_NONNULL = YES;
				CLANG_ANALYZER_NUMBER_OBJECT_CONVERSION = YES_AGGRESSIVE;
				CLANG_CXX_LANGUAGE_STANDARD = "gnu++20";
				CLANG_ENABLE_MODULES = YES;
				CLANG_ENABLE_OBJC_ARC = YES;
				CLANG_ENABLE_OBJC_WEAK = YES;
				CLANG_WARN_BLOCK_CAPTURE_AUTORELEASING = YES;
				CLANG_WARN_BOOL_CONVERSION = YES;
				CLANG_WARN_COMMA = YES;
				CLANG_WARN_CONSTANT_CONVERSION = YES;
				CLANG_WARN_DEPRECATED_OBJC_IMPLEMENTATIONS = YES;
				CLANG_WARN_DIRECT_OBJC_ISA_USAGE = YES_ERROR;
				CLANG_WARN_DOCUMENTATION_COMMENTS = YES;
				CLANG_WARN_EMPTY_BODY = YES;
				CLANG_WARN_ENUM_CONVERSION = YES;
				CLANG_WARN_INFINITE_RECURSION = YES;
				CLANG_WARN_INT_CONVERSION = YES;
				CLANG_WARN_NON_LITERAL_NULL_CONVERSION = YES;
				CLANG_WARN_OBJC_IMPLICIT_RETAIN_SELF = YES;
				CLANG_WARN_OBJC_LITERAL_CONVERSION = YES;
				CLANG_WARN_OBJC_ROOT_CLASS = YES_ERROR;
				CLANG_WARN_QUOTED_INCLUDE_IN_FRAMEWORK_HEADER = YES;
				CLANG_WARN_RANGE_LOOP_ANALYSIS = YES;
				CLANG_WARN_STRICT_PROTOTYPES = YES;
				CLANG_WARN_SUSPICIOUS_MOVE = YES;
				CLANG_WARN_UNGUARDED_AVAILABILITY = YES_AGGRESSIVE;
				CLANG_WARN_UNREACHABLE_CODE = YES;
				CLANG_WARN__DUPLICATE_METHOD_MATCH = YES;
				COPY_PHASE_STRIP = NO;
				DEBUG_INFORMATION_FORMAT = dwarf;
				DEVELOPMENT_TEAM = H27PZFYGUZ;
				ENABLE_STRICT_OBJC_MSGSEND = YES;
				ENABLE_TESTABILITY = YES;
				ENABLE_USER_SCRIPT_SANDBOXING = YES;
				GCC_C_LANGUAGE_STANDARD = gnu17;
				GCC_DYNAMIC_NO_PIC = NO;
				GCC_NO_COMMON_BLOCKS = YES;
				GCC_OPTIMIZATION_LEVEL = 0;
				GCC_PREPROCESSOR_DEFINITIONS = (
					"DEBUG=1",
					"$(inherited)",
				);
				GCC_WARN_64_TO_32_BIT_CONVERSION = YES;
				GCC_WARN_ABOUT_RETURN_TYPE = YES_ERROR;
				GCC_WARN_UNDECLARED_SELECTOR = YES;
				GCC_WARN_UNINITIALIZED_AUTOS = YES_AGGRESSIVE;
				GCC_WARN_UNUSED_FUNCTION = YES;
				GCC_WARN_UNUSED_VARIABLE = YES;
				LOCALIZATION_PREFERS_STRING_CATALOGS = YES;
				MACOSX_DEPLOYMENT_TARGET = 15.6;
				MTL_ENABLE_DEBUG_INFO = INCLUDE_SOURCE;
				MTL_FAST_MATH = YES;
				ONLY_ACTIVE_ARCH = YES;
				SDKROOT = macosx;
				SWIFT_ACTIVE_COMPILATION_CONDITIONS = "DEBUG $(inherited)";
				SWIFT_OPTIMIZATION_LEVEL = "-Onone";
			};
			name = Debug;
		};
		798753112F1810BA0055ABF1 /* Release */ = {
			isa = XCBuildConfiguration;
			buildSettings = {
				ALWAYS_SEARCH_USER_PATHS = NO;
				ASSETCATALOG_COMPILER_GENERATE_SWIFT_ASSET_SYMBOL_EXTENSIONS = YES;
				CLANG_ANALYZER_NONNULL = YES;
				CLANG_ANALYZER_NUMBER_OBJECT_CONVERSION = YES_AGGRESSIVE;
				CLANG_CXX_LANGUAGE_STANDARD = "gnu++20";
				CLANG_ENABLE_MODULES = YES;
				CLANG_ENABLE_OBJC_ARC = YES;
				CLANG_ENABLE_OBJC_WEAK = YES;
				CLANG_WARN_BLOCK_CAPTURE_AUTORELEASING = YES;
				CLANG_WARN_BOOL_CONVERSION = YES;
				CLANG_WARN_COMMA = YES;
				CLANG_WARN_CONSTANT_CONVERSION = YES;
				CLANG_WARN_DEPRECATED_OBJC_IMPLEMENTATIONS = YES;
				CLANG_WARN_DIRECT_OBJC_ISA_USAGE = YES_ERROR;
				CLANG_WARN_DOCUMENTATION_COMMENTS = YES;
				CLANG_WARN_EMPTY_BODY = YES;
				CLANG_WARN_ENUM_CONVERSION = YES;
				CLANG_WARN_INFINITE_RECURSION = YES;
				CLANG_WARN_INT_CONVERSION = YES;
				CLANG_WARN_NON_LITERAL_NULL_CONVERSION = YES;
				CLANG_WARN_OBJC_IMPLICIT_RETAIN_SELF = YES;
				CLANG_WARN_OBJC_LITERAL_CONVERSION = YES;
				CLANG_WARN_OBJC_ROOT_CLASS = YES_ERROR;
				CLANG_WARN_QUOTED_INCLUDE_IN_FRAMEWORK_HEADER = YES;
				CLANG_WARN_RANGE_LOOP_ANALYSIS = YES;
				CLANG_WARN_STRICT_PROTOTYPES = YES;
				CLANG_WARN_SUSPICIOUS_MOVE = YES;
				CLANG_WARN_UNGUARDED_AVAILABILITY = YES_AGGRESSIVE;
				CLANG_WARN_UNREACHABLE_CODE = YES;
				CLANG_WARN__DUPLICATE_METHOD_MATCH = YES;
				COPY_PHASE_STRIP = NO;
				DEBUG_INFORMATION_FORMAT = "dwarf-with-dsym";
				DEVELOPMENT_TEAM = H27PZFYGUZ;
				ENABLE_NS_ASSERTIONS = NO;
				ENABLE_STRICT_OBJC_MSGSEND = YES;
				ENABLE_USER_SCRIPT_SANDBOXING = YES;
				GCC_C_LANGUAGE_STANDARD = gnu17;
				GCC_NO_COMMON_BLOCKS = YES;
				GCC_WARN_64_TO_32_BIT_CONVERSION = YES;
				GCC_WARN_ABOUT_RETURN_TYPE = YES_ERROR;
				GCC_WARN_UNDECLARED_SELECTOR = YES;
				GCC_WARN_UNINITIALIZED_AUTOS = YES_AGGRESSIVE;
				GCC_WARN_UNUSED_FUNCTION = YES;
				GCC_WARN_UNUSED_VARIABLE = YES;
				LOCALIZATION_PREFERS_STRING_CATALOGS = YES;
				MACOSX_DEPLOYMENT_TARGET = 15.6;
				MTL_ENABLE_DEBUG_INFO = NO;
				MTL_FAST_MATH = YES;
				SDKROOT = macosx;
				SWIFT_COMPILATION_MODE = wholemodule;
			};
			name = Release;
		};
		798753132F1810BA0055ABF1 /* Debug */ = {
			isa = XCBuildConfiguration;
			buildSettings = {
				BUNDLE_LOADER = "$(TEST_HOST)";
				CODE_SIGN_STYLE = Automatic;
				CURRENT_PROJECT_VERSION = 1;
				DEVELOPMENT_TEAM = H27PZFYGUZ;
				GENERATE_INFOPLIST_FILE = YES;
				MACOSX_DEPLOYMENT_TARGET = 26.2;
				MARKETING_VERSION = 1.0;
				PRODUCT_BUNDLE_IDENTIFIER = "iglooDevelopment.Fluster-DesktopTests";
				PRODUCT_NAME = "$(TARGET_NAME)";
				STRING_CATALOG_GENERATE_SYMBOLS = NO;
				SWIFT_APPROACHABLE_CONCURRENCY = YES;
				SWIFT_EMIT_LOC_STRINGS = NO;
				SWIFT_UPCOMING_FEATURE_MEMBER_IMPORT_VISIBILITY = YES;
				SWIFT_VERSION = 5.0;
				TEST_HOST = "$(BUILT_PRODUCTS_DIR)/Fluster.app/$(BUNDLE_EXECUTABLE_FOLDER_PATH)/Fluster";
			};
			name = Debug;
		};
		798753142F1810BA0055ABF1 /* Release */ = {
			isa = XCBuildConfiguration;
			buildSettings = {
				BUNDLE_LOADER = "$(TEST_HOST)";
				CODE_SIGN_STYLE = Automatic;
				CURRENT_PROJECT_VERSION = 1;
				DEVELOPMENT_TEAM = H27PZFYGUZ;
				GENERATE_INFOPLIST_FILE = YES;
				MACOSX_DEPLOYMENT_TARGET = 26.2;
				MARKETING_VERSION = 1.0;
				PRODUCT_BUNDLE_IDENTIFIER = "iglooDevelopment.Fluster-DesktopTests";
				PRODUCT_NAME = "$(TARGET_NAME)";
				STRING_CATALOG_GENERATE_SYMBOLS = NO;
				SWIFT_APPROACHABLE_CONCURRENCY = YES;
				SWIFT_EMIT_LOC_STRINGS = NO;
				SWIFT_UPCOMING_FEATURE_MEMBER_IMPORT_VISIBILITY = YES;
				SWIFT_VERSION = 5.0;
				TEST_HOST = "$(BUILT_PRODUCTS_DIR)/Fluster.app/$(BUNDLE_EXECUTABLE_FOLDER_PATH)/Fluster";
			};
			name = Release;
		};
		798753162F1810BA0055ABF1 /* Debug */ = {
			isa = XCBuildConfiguration;
			buildSettings = {
				CODE_SIGN_STYLE = Automatic;
				CURRENT_PROJECT_VERSION = 1;
				DEVELOPMENT_TEAM = H27PZFYGUZ;
				GENERATE_INFOPLIST_FILE = YES;
				MACOSX_DEPLOYMENT_TARGET = 26.2;
				MARKETING_VERSION = 1.0;
				PRODUCT_BUNDLE_IDENTIFIER = "iglooDevelopment.Fluster-DesktopUITests";
				PRODUCT_NAME = "$(TARGET_NAME)";
				STRING_CATALOG_GENERATE_SYMBOLS = NO;
				SWIFT_APPROACHABLE_CONCURRENCY = YES;
				SWIFT_EMIT_LOC_STRINGS = NO;
				SWIFT_UPCOMING_FEATURE_MEMBER_IMPORT_VISIBILITY = YES;
				SWIFT_VERSION = 5.0;
				TEST_TARGET_NAME = "Fluster Desktop";
			};
			name = Debug;
		};
		798753172F1810BA0055ABF1 /* Release */ = {
			isa = XCBuildConfiguration;
			buildSettings = {
				CODE_SIGN_STYLE = Automatic;
				CURRENT_PROJECT_VERSION = 1;
				DEVELOPMENT_TEAM = H27PZFYGUZ;
				GENERATE_INFOPLIST_FILE = YES;
				MACOSX_DEPLOYMENT_TARGET = 26.2;
				MARKETING_VERSION = 1.0;
				PRODUCT_BUNDLE_IDENTIFIER = "iglooDevelopment.Fluster-DesktopUITests";
				PRODUCT_NAME = "$(TARGET_NAME)";
				STRING_CATALOG_GENERATE_SYMBOLS = NO;
				SWIFT_APPROACHABLE_CONCURRENCY = YES;
				SWIFT_EMIT_LOC_STRINGS = NO;
				SWIFT_UPCOMING_FEATURE_MEMBER_IMPORT_VISIBILITY = YES;
				SWIFT_VERSION = 5.0;
				TEST_TARGET_NAME = "Fluster Desktop";
			};
			name = Release;
		};
/* End XCBuildConfiguration section */

/* Begin XCConfigurationList section */
		798752E52F1810B90055ABF1 /* Build configuration list for PBXProject "Fluster" */ = {
			isa = XCConfigurationList;
			buildConfigurations = (
				798753102F1810BA0055ABF1 /* Debug */,
				798753112F1810BA0055ABF1 /* Release */,
			);
			defaultConfigurationIsVisible = 0;
			defaultConfigurationName = Release;
		};
		7987530D2F1810BA0055ABF1 /* Build configuration list for PBXNativeTarget "Fluster" */ = {
			isa = XCConfigurationList;
			buildConfigurations = (
				7987530E2F1810BA0055ABF1 /* Debug */,
				7987530F2F1810BA0055ABF1 /* Release */,
			);
			defaultConfigurationIsVisible = 0;
			defaultConfigurationName = Release;
		};
		798753122F1810BA0055ABF1 /* Build configuration list for PBXNativeTarget "FlusterTests" */ = {
			isa = XCConfigurationList;
			buildConfigurations = (
				798753132F1810BA0055ABF1 /* Debug */,
				798753142F1810BA0055ABF1 /* Release */,
			);
			defaultConfigurationIsVisible = 0;
			defaultConfigurationName = Release;
		};
		798753152F1810BA0055ABF1 /* Build configuration list for PBXNativeTarget "FlusterUITests" */ = {
			isa = XCConfigurationList;
			buildConfigurations = (
				798753162F1810BA0055ABF1 /* Debug */,
				798753172F1810BA0055ABF1 /* Release */,
			);
			defaultConfigurationIsVisible = 0;
			defaultConfigurationName = Release;
		};
/* End XCConfigurationList section */

/* Begin XCLocalSwiftPackageReference section */
		794FD4632F4A489100F8194A /* XCLocalSwiftPackageReference "../../packages/swift/FlusterMdx" */ = {
			isa = XCLocalSwiftPackageReference;
			relativePath = ../../packages/swift/FlusterMdx;
		};
		794FD4662F4A48AF00F8194A /* XCLocalSwiftPackageReference "../../packages/swift/FlusterWebviewClients" */ = {
			isa = XCLocalSwiftPackageReference;
			relativePath = ../../packages/swift/FlusterWebviewClients;
		};
		794FD4692F4A492100F8194A /* XCLocalSwiftPackageReference "../../packages/swift/FlusterSwift" */ = {
			isa = XCLocalSwiftPackageReference;
			relativePath = ../../packages/swift/FlusterSwift;
		};
		7993631E2F19889800FB95E7 /* XCLocalSwiftPackageReference "../../packages/rust/fluster_swift_mdx_parser/FlusterSwiftMdxParser" */ = {
			isa = XCLocalSwiftPackageReference;
			relativePath = ../../packages/rust/fluster_swift_mdx_parser/FlusterSwiftMdxParser;
		};
		79E6BEDF2F19930200A82F5A /* XCLocalSwiftPackageReference "../../packages/swift/FlusterData" */ = {
			isa = XCLocalSwiftPackageReference;
			relativePath = ../../packages/swift/FlusterData;
		};
/* End XCLocalSwiftPackageReference section */

/* Begin XCSwiftPackageProductDependency section */
		794FD4642F4A489100F8194A /* FlusterMdx */ = {
			isa = XCSwiftPackageProductDependency;
			productName = FlusterMdx;
		};
		794FD4672F4A48AF00F8194A /* FlusterWebviewClients */ = {
			isa = XCSwiftPackageProductDependency;
			productName = FlusterWebviewClients;
		};
		794FD46A2F4A492100F8194A /* FlusterSwift */ = {
			isa = XCSwiftPackageProductDependency;
			productName = FlusterSwift;
		};
		79CB00712F4000F700C7BDFB /* FlusterWebviewClients */ = {
			isa = XCSwiftPackageProductDependency;
			productName = FlusterWebviewClients;
		};
		79E6BEDD2F1992BC00A82F5A /* FlusterMdx */ = {
			isa = XCSwiftPackageProductDependency;
			productName = FlusterMdx;
		};
		79E6BEE02F19930200A82F5A /* FlusterData */ = {
			isa = XCSwiftPackageProductDependency;
			productName = FlusterData;
		};
/* End XCSwiftPackageProductDependency section */
	};
	rootObject = 798752E22F1810B90055ABF1 /* Project object */;
}
