{
  "originHash" : "9cb359f64271b12facc5a8f896d50074b4cdf9ed24bb2f7fa757b85d3ffbc0b4",
  "pins" : [
    {
      "identity" : "antlr4-swift",
      "kind" : "remoteSourceControl",
      "location" : "https://github.com/MaxHaertwig/ANTLR4-Swift.git",
      "state" : {
        "revision" : "0b4eed93b803c931db67cc30434b5531f72d50b1",
        "version" : "4.9.1"
      }
    },
    {
      "identity" : "swiftybibtex",
      "kind" : "remoteSourceControl",
      "location" : "https://github.com/MaxHaertwig/SwiftyBibtex.git",
      "state" : {
        "revision" : "b653c01e6315cf06c2c55a8396a397cdadaddccf",
        "version" : "1.0.0"
      }
    }
  ],
  "version" : 3
}
