{
  "originHash" : "d0ca3dbeda2161f8e1c864ed5dd88c9db7ab6092954446f6a3bff5c8600346f9",
  "pins" : [
    {
      "identity" : "antlr4-swift",
      "kind" : "remoteSourceControl",
      "location" : "https://github.com/MaxHaertwig/ANTLR4-Swift.git",
      "state" : {
        "revision" : "0b4eed93b803c931db67cc30434b5531f72d50b1",
        "version" : "4.9.1"
      }
    },
    {
      "identity" : "flatbuffers",
      "kind" : "remoteSourceControl",
      "location" : "https://github.com/google/flatbuffers.git",
      "state" : {
        "revision" : "187240970746d00bbd26b0f5873ed54d2477f9f3",
        "version" : "25.9.23"
      }
    },
    {
      "identity" : "swiftybibtex",
      "kind" : "remoteSourceControl",
      "location" : "https://github.com/MaxHaertwig/SwiftyBibtex.git",
      "state" : {
        "revision" : "b653c01e6315cf06c2c55a8396a397cdadaddccf",
        "version" : "1.0.0"
      }
    }
  ],
  "version" : 3
}
