{
  "originHash" : "e4baad9340be5384184d6fa2be6ba1ec0bac7ab007dd717b78768f46fbd79d43",
  "pins" : [
    {
      "identity" : "alerttoast",
      "kind" : "remoteSourceControl",
      "location" : "https://github.com/elai950/AlertToast",
      "state" : {
        "revision" : "b39252eacd159904afd7d718bba0afabb87f2f2f",
        "version" : "1.3.9"
      }
    },
    {
      "identity" : "antlr4-swift",
      "kind" : "remoteSourceControl",
      "location" : "https://github.com/MaxHaertwig/ANTLR4-Swift.git",
      "state" : {
        "revision" : "0b4eed93b803c931db67cc30434b5531f72d50b1",
        "version" : "4.9.1"
      }
    },
    {
      "identity" : "flatbuffers",
      "kind" : "remoteSourceControl",
      "location" : "https://github.com/google/flatbuffers.git",
      "state" : {
        "revision" : "187240970746d00bbd26b0f5873ed54d2477f9f3",
        "version" : "25.9.23"
      }
    },
    {
      "identity" : "swift-algorithms",
      "kind" : "remoteSourceControl",
      "location" : "https://github.com/apple/swift-algorithms.git",
      "state" : {
        "revision" : "87e50f483c54e6efd60e885f7f5aa946cee68023",
        "version" : "1.2.1"
      }
    },
    {
      "identity" : "swift-numerics",
      "kind" : "remoteSourceControl",
      "location" : "https://github.com/apple/swift-numerics.git",
      "state" : {
        "revision" : "0c0290ff6b24942dadb83a929ffaaa1481df04a2",
        "version" : "1.1.1"
      }
    },
    {
      "identity" : "swiftybibtex",
      "kind" : "remoteSourceControl",
      "location" : "https://github.com/MaxHaertwig/SwiftyBibtex.git",
      "state" : {
        "revision" : "b653c01e6315cf06c2c55a8396a397cdadaddccf",
        "version" : "1.0.0"
      }
    }
  ],
  "version" : 3
}
