// !$*UTF8*$!
{
	archiveVersion = 1;
	classes = {
	};
	objectVersion = 77;
	objects = {

/* Begin PBXBuildFile section */
		3D1543D27621E2BCEA2E4FBE /* subtitle.tsx in Resources */ = {isa = PBXBuildFile; fileRef = 7C9022E30D307985EBCBB62D /* subtitle.tsx */; };
		79513C752EF3AF3700FF4885 /* Testing in Frameworks */ = {isa = PBXBuildFile; productRef = 79513C742EF3AF3700FF4885 /* Testing */; };
		79513C772EF3AF3700FF4885 /* _TestDiscovery in Frameworks */ = {isa = PBXBuildFile; productRef = 79513C762EF3AF3700FF4885 /* _TestDiscovery */; };
		79516C4D2EE893ED00573A77 /* splitview_mdx_editor in Resources */ = {isa = PBXBuildFile; fileRef = 79516C4C2EE893ED00573A77 /* splitview_mdx_editor */; };
		796F71232EB185380012B500 /* SVGView in Frameworks */ = {isa = PBXBuildFile; productRef = 796F71222EB185380012B500 /* SVGView */; };
		79ADEFFC2EFDBE4E00EB4E22 /* dictionary_webview in Resources */ = {isa = PBXBuildFile; fileRef = 79ADEFFB2EFDBE4E00EB4E22 /* dictionary_webview */; };
		79C35B952EB8FA1B00806066 /* SwiftyBibtex in Frameworks */ = {isa = PBXBuildFile; productRef = 79C35B942EB8FA1B00806066 /* SwiftyBibtex */; };
		79F130FF2ED218DE0082BA65 /* bibtex_editor_webview in Resources */ = {isa = PBXBuildFile; fileRef = 79F130FE2ED218DE0082BA65 /* bibtex_editor_webview */; };
		79F936DF2EE38B8000777CDB /* note_detail_webview in Resources */ = {isa = PBXBuildFile; fileRef = 79F936DE2EE38B8000777CDB /* note_detail_webview */; };
		79FA54422ED8BB5F00D16F68 /* initial_note_docs in Resources */ = {isa = PBXBuildFile; fileRef = 79FA54412ED8BB5F00D16F68 /* initial_note_docs */; };
		79FB1F552ED928FB0041E1E0 /* FlusterSwift in Frameworks */ = {isa = PBXBuildFile; productRef = 79FB1F542ED928FB0041E1E0 /* FlusterSwift */; };
/* End PBXBuildFile section */

/* Begin PBXFileReference section */
		530044C95D9A0B9916D30AFF /* .npmrc */ = {isa = PBXFileReference; lastKnownFileType = text; name = .npmrc; path = ../../../../../../../.npmrc; sourceTree = "<group>"; };
		7930C3F82EDA740A0063B3DA /* standalone_mdx_editor */ = {isa = PBXFileReference; lastKnownFileType = folder; name = standalone_mdx_editor; path = ../../packages/webviews/standalone_mdx_editor/standalone_mdx_editor; sourceTree = "<group>"; };
		79516C4B2EE8933900573A77 /* note_detail_webview */ = {isa = PBXFileReference; lastKnownFileType = folder; name = note_detail_webview; path = ../../packages/webviews/note_detail_webview/note_detail_webview; sourceTree = "<group>"; };
		79516C4C2EE893ED00573A77 /* splitview_mdx_editor */ = {isa = PBXFileReference; lastKnownFileType = folder; name = splitview_mdx_editor; path = ../../packages/webviews/splitview_mdx_editor/splitview_mdx_editor; sourceTree = "<group>"; };
		796F71042EB174610012B500 /* Fluster.app */ = {isa = PBXFileReference; explicitFileType = wrapper.application; includeInIndex = 0; path = Fluster.app; sourceTree = BUILT_PRODUCTS_DIR; };
		797DB4F32EDF70700047C0F4 /* FlusterRust */ = {isa = PBXFileReference; lastKnownFileType = wrapper; name = FlusterRust; path = ../../packages/rust/fluster_rust/FlusterRust; sourceTree = "<group>"; };
		79AC14432EDB4D1700E3773F /* standalone_mdx_preview */ = {isa = PBXFileReference; lastKnownFileType = folder; name = standalone_mdx_preview; path = ../../packages/webviews/standalone_mdx_preview/standalone_mdx_preview; sourceTree = "<group>"; };
		79ADEFFB2EFDBE4E00EB4E22 /* dictionary_webview */ = {isa = PBXFileReference; lastKnownFileType = folder; name = dictionary_webview; path = ../../packages/webviews/dictionary_webview/dictionary_webview; sourceTree = "<group>"; };
		79F130FE2ED218DE0082BA65 /* bibtex_editor_webview */ = {isa = PBXFileReference; lastKnownFileType = folder; name = bibtex_editor_webview; path = ../../packages/webviews/bibtex_editor_webview/bibtex_editor_webview; sourceTree = "<group>"; };
		79F74C892EDE1EFB00E00653 /* splitview_mdx_editor */ = {isa = PBXFileReference; lastKnownFileType = folder; name = splitview_mdx_editor; path = ../../packages/webviews/splitview_mdx_editor/splitview_mdx_editor; sourceTree = "<group>"; };
		79F936DE2EE38B8000777CDB /* note_detail_webview */ = {isa = PBXFileReference; lastKnownFileType = folder; name = note_detail_webview; path = ../../packages/webviews/note_detail_webview/note_detail_webview; sourceTree = "<group>"; };
		79FA54412ED8BB5F00D16F68 /* initial_note_docs */ = {isa = PBXFileReference; lastKnownFileType = folder; name = initial_note_docs; path = ../../docs/initial_note_docs; sourceTree = "<group>"; };
		7C9022E30D307985EBCBB62D /* subtitle.tsx */ = {isa = PBXFileReference; name = subtitle.tsx; path = ../../../../../../../../../../../../../../packages/webview_utils/src/features/mdx/components/note_details/subtitle.tsx; sourceTree = "<group>"; };
		BD20C8180645E0AAAF3D7998 /* note_details_bibliography.tsx */ = {isa = PBXFileReference; lastKnownFileType = sourcecode.typescript; path = note_details_bibliography.tsx; sourceTree = "<group>"; };
		D9FC998360059E81A1C93DF7 /* liquid_glass_container.tsx */ = {isa = PBXFileReference; lastKnownFileType = sourcecode.typescript; name = liquid_glass_container.tsx; path = ../../../../../../../../../../../../../packages/webview_utils/src/core/shared_components/apple/liquid_glass_container.tsx; sourceTree = "<group>"; };
		E7117065DE4BD9D7E310EE17 /* parse_bib_entries.ts */ = {isa = PBXFileReference; lastKnownFileType = sourcecode.typescript; name = parse_bib_entries.ts; path = ../../../../../../../../../../../../../packages/webview_utils/src/features/bibliography/methods/parse_bib_entries.ts; sourceTree = "<group>"; };
		ED3E9B9F98D0A862292D072F /* carousel.tsx */ = {isa = PBXFileReference; lastKnownFileType = sourcecode.typescript; name = carousel.tsx; path = ../../../../../../../../../../../../../../website/src/features/landing_page/sections/ipad_section/ipad_screenshot_carousel/carousel.tsx; sourceTree = "<group>"; };
/* End PBXFileReference section */

/* Begin PBXFileSystemSynchronizedBuildFileExceptionSet section */
		795BE0632EC532EE00292DFD /* PBXFileSystemSynchronizedBuildFileExceptionSet */ = {
			isa = PBXFileSystemSynchronizedBuildFileExceptionSet;
			membershipExceptions = (
				Info.plist,
			);
			target = 796F71032EB174610012B500 /* Fluster */;
		};
/* End PBXFileSystemSynchronizedBuildFileExceptionSet section */

/* Begin PBXFileSystemSynchronizedRootGroup section */
		796F71062EB174610012B500 /* Fluster */ = {
			isa = PBXFileSystemSynchronizedRootGroup;
			exceptions = (
				795BE0632EC532EE00292DFD /* PBXFileSystemSynchronizedBuildFileExceptionSet */,
			);
			path = Fluster;
			sourceTree = "<group>";
		};
/* End PBXFileSystemSynchronizedRootGroup section */

/* Begin PBXFrameworksBuildPhase section */
		796F71012EB174610012B500 /* Frameworks */ = {
			isa = PBXFrameworksBuildPhase;
			buildActionMask = 2147483647;
			files = (
				796F71232EB185380012B500 /* SVGView in Frameworks */,
				79513C752EF3AF3700FF4885 /* Testing in Frameworks */,
				79FB1F552ED928FB0041E1E0 /* FlusterSwift in Frameworks */,
				79513C772EF3AF3700FF4885 /* _TestDiscovery in Frameworks */,
				79C35B952EB8FA1B00806066 /* SwiftyBibtex in Frameworks */,
			);
			runOnlyForDeploymentPostprocessing = 0;
		};
/* End PBXFrameworksBuildPhase section */

/* Begin PBXGroup section */
		01A0E571345EC8266C95553C /* Users */ = {
			isa = PBXGroup;
			children = (
				5695929E061DA86F050DD19A /* bigsexy */,
			);
			path = Users;
			sourceTree = "<group>";
		};
		02637FAF5556983644ACAE46 /* features */ = {
			isa = PBXGroup;
			children = (
				7FBFC0176EFA3F36D554FA21 /* mdx */,
			);
			name = features;
			path = features;
			sourceTree = "<group>";
		};
		0387D6E66B26FE036BB2EEDB /* Desktop */ = {
			isa = PBXGroup;
			children = (
				F37E56C8AA8D965B380E3143 /* swift */,
			);
			path = Desktop;
			sourceTree = "<group>";
		};
		05AE33E79441E1918824A6C0 /* Fluster */ = {
			isa = PBXGroup;
			children = (
				8C33E82BD4F6177B5AC17CEC /* apps */,
			);
			path = Fluster;
			sourceTree = "<group>";
		};
		070B285D3774AA22B987E2D4 /* features */ = {
			isa = PBXGroup;
			children = (
				259F68918D343F4E7CF42783 /* bibliography */,
			);
			path = features;
			sourceTree = "<group>";
		};
		07FD343EA4BE911F37A886E3 /* swift */ = {
			isa = PBXGroup;
			children = (
				72A5D3DB793355C0111E1A35 /* Fluster */,
			);
			path = swift;
			sourceTree = "<group>";
		};
		0835DAF8CB834DC5A7635D42 /*  */ = {
			isa = PBXGroup;
			children = (
				25F9F72D142405615D5D7A69 /*  */,
			);
			name = "";
			sourceTree = "<group>";
		};
		0A4E768658F973833BD47D31 /*  */ = {
			isa = PBXGroup;
			children = (
				DE34AADA1E2FCC0581DC1CA3 /* Users */,
			);
			name = "";
			sourceTree = "<group>";
		};
		0CFE062566CB33E6FEF9F7D3 /* src */ = {
			isa = PBXGroup;
			children = (
				BA7A3305F59DEF173355E764 /* features */,
			);
			path = src;
			sourceTree = "<group>";
		};
		0F6D19135BC6B59972B2D00A /* landing_page */ = {
			isa = PBXGroup;
			children = (
				D4C48B47708860543BE32332 /* sections */,
			);
			path = landing_page;
			sourceTree = "<group>";
		};
		16A076214F7D65F20A70D897 /* Users */ = {
			isa = PBXGroup;
			children = (
				BF6BB5B3214A700C63889BA0 /* bigsexy */,
			);
			path = Users;
			sourceTree = "<group>";
		};
		1E27E49723CD11A5B77AA647 /* note_details */ = {
			isa = PBXGroup;
			children = (
				7C9022E30D307985EBCBB62D /* subtitle.tsx */,
			);
			name = note_details;
			path = note_details;
			sourceTree = "<group>";
		};
		22CF440B36595195F5EF7B22 /* Desktop */ = {
			isa = PBXGroup;
			children = (
				4D5990C2CAB67F6055414A9C /* swift */,
			);
			path = Desktop;
			sourceTree = "<group>";
		};
		24CB319DA3036365B0A2079A /* landing_page */ = {
			isa = PBXGroup;
			children = (
				6B9A292302D22EF0DADB66AC /* sections */,
			);
			path = landing_page;
			sourceTree = "<group>";
		};
		259F68918D343F4E7CF42783 /* bibliography */ = {
			isa = PBXGroup;
			children = (
				78B39F30745F252D1E6B61B9 /* methods */,
			);
			path = bibliography;
			sourceTree = "<group>";
		};
		25B3A03E628BA002AF0AE182 /*  */ = {
			isa = PBXGroup;
			children = (
				88A3B4AE5C3E240DC85005E2 /*  */,
			);
			name = "";
			sourceTree = "<group>";
		};
		25F9F72D142405615D5D7A69 /*  */ = {
			isa = PBXGroup;
			children = (
				01A0E571345EC8266C95553C /* Users */,
			);
			name = "";
			sourceTree = "<group>";
		};
		2F5772D7440DB2096DBD188B /*  */ = {
			isa = PBXGroup;
			children = (
				CFE0D4E506392C96A56DF55A /* Users */,
			);
			name = "";
			sourceTree = "<group>";
		};
		3B1FA027AF2E750A0C93B486 /* src */ = {
			isa = PBXGroup;
			children = (
				070B285D3774AA22B987E2D4 /* features */,
			);
			path = src;
			sourceTree = "<group>";
		};
		3BAD88F27A241751D64D3860 /* Desktop */ = {
			isa = PBXGroup;
			children = (
				4D9B3A965231762F8E722A3E /* swift */,
			);
			path = Desktop;
			sourceTree = "<group>";
		};
		3E456DF237D270B60E36EF07 /* Fluster */ = {
			isa = PBXGroup;
			children = (
				A288DD3DF3ECFE041F22A765 /* packages */,
			);
			path = Fluster;
			sourceTree = "<group>";
		};
		419030980D289F0E38E6E1BE /* Fluster */ = {
			isa = PBXGroup;
			children = (
				530044C95D9A0B9916D30AFF /* .npmrc */,
			);
			path = Fluster;
			sourceTree = "<group>";
		};
		43D142AC0FCE2F653C394B15 /* Desktop */ = {
			isa = PBXGroup;
			children = (
				734ECA174004E448CF4DA99C /* swift */,
			);
			path = Desktop;
			sourceTree = "<group>";
		};
		45B722C2B87FD8BCB2716130 /* ipad_section */ = {
			isa = PBXGroup;
			children = (
				55FF1BBDCA4B66B82AC69AC3 /* ipad_screenshot_carousel */,
			);
			path = ipad_section;
			sourceTree = "<group>";
		};
		4628DC16EE3BE60F3E1CC5A2 /* Desktop */ = {
			isa = PBXGroup;
			children = (
				C8733409A2EAA26E46E695D6 /* swift */,
			);
			name = Desktop;
			path = Desktop;
			sourceTree = "<group>";
		};
		484EEA612467732B602CE3D6 /*  */ = {
			isa = PBXGroup;
			children = (
				F966167748216AD4DFC8FBDB /* Users */,
			);
			name = "";
			sourceTree = "<group>";
		};
		4AFF2BB2DEC3791951D20E75 /* packages */ = {
			isa = PBXGroup;
			children = (
				9A34A9BC399BDD6FB0C86330 /* webview_utils */,
			);
			path = packages;
			sourceTree = "<group>";
		};
		4CC6ACF7AEF8BAC912BE7704 /* Fluster */ = {
			isa = PBXGroup;
			children = (
				8E51EC58C149DBD75A1B6419 /* packages */,
			);
			path = Fluster;
			sourceTree = "<group>";
		};
		4D5990C2CAB67F6055414A9C /* swift */ = {
			isa = PBXGroup;
			children = (
				80BFF26D70D12C28CFE85C79 /* Fluster */,
			);
			path = swift;
			sourceTree = "<group>";
		};
		4D9B3A965231762F8E722A3E /* swift */ = {
			isa = PBXGroup;
			children = (
				752FCA36DF4B5E3A3BA994AA /* Fluster */,
			);
			path = swift;
			sourceTree = "<group>";
		};
		4E1A3695A498F66AC9451A37 /* features */ = {
			isa = PBXGroup;
			children = (
				C31438F6B5B76EEF0040A919 /* mdx */,
			);
			path = features;
			sourceTree = "<group>";
		};
		4FCA5B2BE0255ED69707DD62 /* bigsexy */ = {
			isa = PBXGroup;
			children = (
				0387D6E66B26FE036BB2EEDB /* Desktop */,
			);
			path = bigsexy;
			sourceTree = "<group>";
		};
		549810F21B279F9B09A6BC51 /* shared_components */ = {
			isa = PBXGroup;
			children = (
				5AC7BCDB11784CBC65BF2787 /* apple */,
			);
			path = shared_components;
			sourceTree = "<group>";
		};
		55FF1BBDCA4B66B82AC69AC3 /* ipad_screenshot_carousel */ = {
			isa = PBXGroup;
			children = (
				ED3E9B9F98D0A862292D072F /* carousel.tsx */,
			);
			path = ipad_screenshot_carousel;
			sourceTree = "<group>";
		};
		56551D8BC94FB7176F76DC81 /* src */ = {
			isa = PBXGroup;
			children = (
				9D68463886CC02D3AAC704CD /* features */,
			);
			path = src;
			sourceTree = "<group>";
		};
		5695929E061DA86F050DD19A /* bigsexy */ = {
			isa = PBXGroup;
			children = (
				43D142AC0FCE2F653C394B15 /* Desktop */,
			);
			path = bigsexy;
			sourceTree = "<group>";
		};
		59B77C422D5A1857644F32A1 /*  */ = {
			isa = PBXGroup;
			children = (
				0A4E768658F973833BD47D31 /*  */,
			);
			name = "";
			sourceTree = "<group>";
		};
		5AC7BCDB11784CBC65BF2787 /* apple */ = {
			isa = PBXGroup;
			children = (
				D9FC998360059E81A1C93DF7 /* liquid_glass_container.tsx */,
			);
			path = apple;
			sourceTree = "<group>";
		};
		5CF07111B6B541589965D6C2 /*  */ = {
			isa = PBXGroup;
			children = (
				2F5772D7440DB2096DBD188B /*  */,
			);
			name = "";
			sourceTree = "<group>";
		};
		5DC46E10A594D5B5A5152594 /* website */ = {
			isa = PBXGroup;
			children = (
				0CFE062566CB33E6FEF9F7D3 /* src */,
			);
			path = website;
			sourceTree = "<group>";
		};
		5DDD02D37F8E28E97408F6AA /*  */ = {
			isa = PBXGroup;
			children = (
				16A076214F7D65F20A70D897 /* Users */,
			);
			name = "";
			sourceTree = "<group>";
		};
		5EA820B9C79214DAD30A0F51 /* components */ = {
			isa = PBXGroup;
			children = (
				BD92B208FFFB487E3DDFC1D9 /* note_details */,
			);
			path = components;
			sourceTree = "<group>";
		};
		625AC8252F99F2693D1F478A /* landing_page */ = {
			isa = PBXGroup;
			children = (
				8F25C8D820BD048FA2CF27B6 /* sections */,
			);
			path = landing_page;
			sourceTree = "<group>";
		};
		635A3503B7E165734BFC91EB /* Desktop */ = {
			isa = PBXGroup;
			children = (
				930336F1A11FE94B4E48883F /* swift */,
			);
			path = Desktop;
			sourceTree = "<group>";
		};
		64D50EE8A0FC9965EBF51AB2 /* Users */ = {
			isa = PBXGroup;
			children = (
				93F74A2C12C792A47E7622C3 /* bigsexy */,
			);
			path = Users;
			sourceTree = "<group>";
		};
		69EC1B3C6D98A168CE7C1A3E /* Desktop */ = {
			isa = PBXGroup;
			children = (
				A9238FD7E9C5B203D066E789 /* swift */,
			);
			path = Desktop;
			sourceTree = "<group>";
		};
		6B9A292302D22EF0DADB66AC /* sections */ = {
			isa = PBXGroup;
			children = (
				BDCCD4655A53CB6BAD9830EB /* ipad_section */,
			);
			path = sections;
			sourceTree = "<group>";
		};
		6DA80A459470DB88C5D25F9D /* bigsexy */ = {
			isa = PBXGroup;
			children = (
				4628DC16EE3BE60F3E1CC5A2 /* Desktop */,
			);
			name = bigsexy;
			path = bigsexy;
			sourceTree = "<group>";
		};
		71256898042EE9AEB051E4FF /* src */ = {
			isa = PBXGroup;
			children = (
				02637FAF5556983644ACAE46 /* features */,
			);
			name = src;
			path = src;
			sourceTree = "<group>";
		};
		72A5D3DB793355C0111E1A35 /* Fluster */ = {
			isa = PBXGroup;
			children = (
				4AFF2BB2DEC3791951D20E75 /* packages */,
			);
			path = Fluster;
			sourceTree = "<group>";
		};
		734ECA174004E448CF4DA99C /* swift */ = {
			isa = PBXGroup;
			children = (
				419030980D289F0E38E6E1BE /* Fluster */,
			);
			path = swift;
			sourceTree = "<group>";
		};
		752FCA36DF4B5E3A3BA994AA /* Fluster */ = {
			isa = PBXGroup;
			children = (
				8F66E326612DB4D39BB5B7A5 /* apps */,
			);
			path = Fluster;
			sourceTree = "<group>";
		};
		78B39F30745F252D1E6B61B9 /* methods */ = {
			isa = PBXGroup;
			children = (
				E7117065DE4BD9D7E310EE17 /* parse_bib_entries.ts */,
			);
			path = methods;
			sourceTree = "<group>";
		};
		796F70FB2EB174610012B500 = {
			isa = PBXGroup;
			children = (
				79ADEFFB2EFDBE4E00EB4E22 /* dictionary_webview */,
				79516C4C2EE893ED00573A77 /* splitview_mdx_editor */,
				79F936DE2EE38B8000777CDB /* note_detail_webview */,
				79516C4B2EE8933900573A77 /* note_detail_webview */,
				79F74C892EDE1EFB00E00653 /* splitview_mdx_editor */,
				79AC14432EDB4D1700E3773F /* standalone_mdx_preview */,
				7930C3F82EDA740A0063B3DA /* standalone_mdx_editor */,
				79FA54412ED8BB5F00D16F68 /* initial_note_docs */,
				79F130FE2ED218DE0082BA65 /* bibtex_editor_webview */,
				796F71062EB174610012B500 /* Fluster */,
				797DB4F22EDF70700047C0F4 /* Frameworks */,
				796F71052EB174610012B500 /* Products */,
				C1892C916668CC4994864DF5 /*  */,
				25B3A03E628BA002AF0AE182 /*  */,
				F304DCB9A10D06190F9DC5AA /*  */,
				FEBFF801D137D9303F63BCD6 /*  */,
				0835DAF8CB834DC5A7635D42 /*  */,
				5CF07111B6B541589965D6C2 /*  */,
				59B77C422D5A1857644F32A1 /*  */,
				CB29C0FFEE5B8E45C3AEFBE5 /*  */,
			);
			sourceTree = "<group>";
		};
		796F71052EB174610012B500 /* Products */ = {
			isa = PBXGroup;
			children = (
				796F71042EB174610012B500 /* Fluster.app */,
			);
			name = Products;
			sourceTree = "<group>";
		};
		797DB4F22EDF70700047C0F4 /* Frameworks */ = {
			isa = PBXGroup;
			children = (
				797DB4F32EDF70700047C0F4 /* FlusterRust */,
			);
			name = Frameworks;
			sourceTree = "<group>";
		};
		7EDF479924EFEC9169DE8C66 /* webview_utils */ = {
			isa = PBXGroup;
			children = (
				71256898042EE9AEB051E4FF /* src */,
			);
			name = webview_utils;
			path = webview_utils;
			sourceTree = "<group>";
		};
		7F5DB2B669FF42F858F7B62D /*  */ = {
			isa = PBXGroup;
			children = (
				F24F7F815C15BA518B6DD0C6 /* Users */,
			);
			name = "";
			path = "";
			sourceTree = "<group>";
		};
		7FBFC0176EFA3F36D554FA21 /* mdx */ = {
			isa = PBXGroup;
			children = (
				A51F174A53DD9FF3DF9A75B9 /* components */,
			);
			name = mdx;
			path = mdx;
			sourceTree = "<group>";
		};
		80BFF26D70D12C28CFE85C79 /* Fluster */ = {
			isa = PBXGroup;
			children = (
				F54161AFE46A6F29F0B14BF8 /* apps */,
			);
			path = Fluster;
			sourceTree = "<group>";
		};
		8495A8D913D3D4476041DBCD /* website */ = {
			isa = PBXGroup;
			children = (
				56551D8BC94FB7176F76DC81 /* src */,
			);
			path = website;
			sourceTree = "<group>";
		};
		856381EBDE5C215DDD80A43E /* src */ = {
			isa = PBXGroup;
			children = (
				4E1A3695A498F66AC9451A37 /* features */,
			);
			path = src;
			sourceTree = "<group>";
		};
		88A3B4AE5C3E240DC85005E2 /*  */ = {
			isa = PBXGroup;
			children = (
				64D50EE8A0FC9965EBF51AB2 /* Users */,
			);
			name = "";
			sourceTree = "<group>";
		};
		8C33E82BD4F6177B5AC17CEC /* apps */ = {
			isa = PBXGroup;
			children = (
				8495A8D913D3D4476041DBCD /* website */,
			);
			path = apps;
			sourceTree = "<group>";
		};
		8E51EC58C149DBD75A1B6419 /* packages */ = {
			isa = PBXGroup;
			children = (
				FEF86E26407DEC9E2FE00FDB /* webview_utils */,
			);
			path = packages;
			sourceTree = "<group>";
		};
		8F25C8D820BD048FA2CF27B6 /* sections */ = {
			isa = PBXGroup;
			children = (
				F719DD1AF222FC476F2933A5 /* ipad_section */,
			);
			path = sections;
			sourceTree = "<group>";
		};
		8F66E326612DB4D39BB5B7A5 /* apps */ = {
			isa = PBXGroup;
			children = (
				F5F7FE444A2F7794B2F8E6E4 /* website */,
			);
			path = apps;
			sourceTree = "<group>";
		};
		930336F1A11FE94B4E48883F /* swift */ = {
			isa = PBXGroup;
			children = (
				05AE33E79441E1918824A6C0 /* Fluster */,
			);
			path = swift;
			sourceTree = "<group>";
		};
		93F74A2C12C792A47E7622C3 /* bigsexy */ = {
			isa = PBXGroup;
			children = (
				635A3503B7E165734BFC91EB /* Desktop */,
			);
			path = bigsexy;
			sourceTree = "<group>";
		};
		9A34A9BC399BDD6FB0C86330 /* webview_utils */ = {
			isa = PBXGroup;
			children = (
				3B1FA027AF2E750A0C93B486 /* src */,
			);
			path = webview_utils;
			sourceTree = "<group>";
		};
		9D68463886CC02D3AAC704CD /* features */ = {
			isa = PBXGroup;
			children = (
				24CB319DA3036365B0A2079A /* landing_page */,
			);
			path = features;
			sourceTree = "<group>";
		};
		A288DD3DF3ECFE041F22A765 /* packages */ = {
			isa = PBXGroup;
			children = (
				F030E9AAC8F374E616B571F8 /* webview_utils */,
			);
			path = packages;
			sourceTree = "<group>";
		};
		A37B11E24ED8EFFD1093982F /* bigsexy */ = {
			isa = PBXGroup;
			children = (
				69EC1B3C6D98A168CE7C1A3E /* Desktop */,
			);
			path = bigsexy;
			sourceTree = "<group>";
		};
		A51F174A53DD9FF3DF9A75B9 /* components */ = {
			isa = PBXGroup;
			children = (
				1E27E49723CD11A5B77AA647 /* note_details */,
			);
			name = components;
			path = components;
			sourceTree = "<group>";
		};
		A9238FD7E9C5B203D066E789 /* swift */ = {
			isa = PBXGroup;
			children = (
				3E456DF237D270B60E36EF07 /* Fluster */,
			);
			path = swift;
			sourceTree = "<group>";
		};
		ADFE9FB411F9C864D31C89CB /*  */ = {
			isa = PBXGroup;
			children = (
				B693D53624DEC8DFC5BAF3B5 /* Users */,
			);
			name = "";
			sourceTree = "<group>";
		};
		B44E5513D455E07C5674C411 /* bigsexy */ = {
			isa = PBXGroup;
			children = (
				EF9A00ADF0C17CC0E2AA96C0 /* Desktop */,
			);
			path = bigsexy;
			sourceTree = "<group>";
		};
		B693D53624DEC8DFC5BAF3B5 /* Users */ = {
			isa = PBXGroup;
			children = (
				B44E5513D455E07C5674C411 /* bigsexy */,
			);
			path = Users;
			sourceTree = "<group>";
		};
		BA7A3305F59DEF173355E764 /* features */ = {
			isa = PBXGroup;
			children = (
				625AC8252F99F2693D1F478A /* landing_page */,
			);
			path = features;
			sourceTree = "<group>";
		};
		BD92B208FFFB487E3DDFC1D9 /* note_details */ = {
			isa = PBXGroup;
			children = (
				BD20C8180645E0AAAF3D7998 /* note_details_bibliography.tsx */,
			);
			path = note_details;
			sourceTree = "<group>";
		};
		BDCCD4655A53CB6BAD9830EB /* ipad_section */ = {
			isa = PBXGroup;
			children = (
			);
			path = ipad_section;
			sourceTree = "<group>";
		};
		BF6BB5B3214A700C63889BA0 /* bigsexy */ = {
			isa = PBXGroup;
			children = (
				22CF440B36595195F5EF7B22 /* Desktop */,
			);
			path = bigsexy;
			sourceTree = "<group>";
		};
		C1892C916668CC4994864DF5 /*  */ = {
			isa = PBXGroup;
			children = (
				ADFE9FB411F9C864D31C89CB /*  */,
			);
			name = "";
			sourceTree = "<group>";
		};
		C31438F6B5B76EEF0040A919 /* mdx */ = {
			isa = PBXGroup;
			children = (
				5EA820B9C79214DAD30A0F51 /* components */,
			);
			path = mdx;
			sourceTree = "<group>";
		};
		C78B2C366008F2638A612B2C /* src */ = {
			isa = PBXGroup;
			children = (
				EC67DB15985880725240149A /* core */,
			);
			path = src;
			sourceTree = "<group>";
		};
		C8733409A2EAA26E46E695D6 /* swift */ = {
			isa = PBXGroup;
			children = (
				FC21106AD9D15C67A0BD5204 /* Fluster */,
			);
			name = swift;
			path = swift;
			sourceTree = "<group>";
		};
		CB29C0FFEE5B8E45C3AEFBE5 /*  */ = {
			isa = PBXGroup;
			children = (
				7F5DB2B669FF42F858F7B62D /*  */,
			);
			name = "";
			path = "";
			sourceTree = "<group>";
		};
		CFC7C73B6AE315B7F2FE2174 /* features */ = {
			isa = PBXGroup;
			children = (
				0F6D19135BC6B59972B2D00A /* landing_page */,
			);
			path = features;
			sourceTree = "<group>";
		};
		CFE0D4E506392C96A56DF55A /* Users */ = {
			isa = PBXGroup;
			children = (
				A37B11E24ED8EFFD1093982F /* bigsexy */,
			);
			path = Users;
			sourceTree = "<group>";
		};
		D4C48B47708860543BE32332 /* sections */ = {
			isa = PBXGroup;
			children = (
				45B722C2B87FD8BCB2716130 /* ipad_section */,
			);
			path = sections;
			sourceTree = "<group>";
		};
		DE34AADA1E2FCC0581DC1CA3 /* Users */ = {
			isa = PBXGroup;
			children = (
				4FCA5B2BE0255ED69707DD62 /* bigsexy */,
			);
			path = Users;
			sourceTree = "<group>";
		};
		E4B79C28FB91AEFCC88E92E3 /* packages */ = {
			isa = PBXGroup;
			children = (
				7EDF479924EFEC9169DE8C66 /* webview_utils */,
			);
			name = packages;
			path = packages;
			sourceTree = "<group>";
		};
		E676AEE19277EB446D7C6CA2 /* bigsexy */ = {
			isa = PBXGroup;
			children = (
				3BAD88F27A241751D64D3860 /* Desktop */,
			);
			path = bigsexy;
			sourceTree = "<group>";
		};
		EC67DB15985880725240149A /* core */ = {
			isa = PBXGroup;
			children = (
				549810F21B279F9B09A6BC51 /* shared_components */,
			);
			path = core;
			sourceTree = "<group>";
		};
		EF9A00ADF0C17CC0E2AA96C0 /* Desktop */ = {
			isa = PBXGroup;
			children = (
				07FD343EA4BE911F37A886E3 /* swift */,
			);
			path = Desktop;
			sourceTree = "<group>";
		};
		F030E9AAC8F374E616B571F8 /* webview_utils */ = {
			isa = PBXGroup;
			children = (
				C78B2C366008F2638A612B2C /* src */,
			);
			path = webview_utils;
			sourceTree = "<group>";
		};
		F161617A7379D12852E5F3CE /* src */ = {
			isa = PBXGroup;
			children = (
				CFC7C73B6AE315B7F2FE2174 /* features */,
			);
			path = src;
			sourceTree = "<group>";
		};
		F24F7F815C15BA518B6DD0C6 /* Users */ = {
			isa = PBXGroup;
			children = (
				6DA80A459470DB88C5D25F9D /* bigsexy */,
			);
			name = Users;
			path = Users;
			sourceTree = "<group>";
		};
		F304DCB9A10D06190F9DC5AA /*  */ = {
			isa = PBXGroup;
			children = (
				5DDD02D37F8E28E97408F6AA /*  */,
			);
			name = "";
			sourceTree = "<group>";
		};
		F37E56C8AA8D965B380E3143 /* swift */ = {
			isa = PBXGroup;
			children = (
				4CC6ACF7AEF8BAC912BE7704 /* Fluster */,
			);
			path = swift;
			sourceTree = "<group>";
		};
		F54161AFE46A6F29F0B14BF8 /* apps */ = {
			isa = PBXGroup;
			children = (
				5DC46E10A594D5B5A5152594 /* website */,
			);
			path = apps;
			sourceTree = "<group>";
		};
		F5F7FE444A2F7794B2F8E6E4 /* website */ = {
			isa = PBXGroup;
			children = (
				F161617A7379D12852E5F3CE /* src */,
			);
			path = website;
			sourceTree = "<group>";
		};
		F719DD1AF222FC476F2933A5 /* ipad_section */ = {
			isa = PBXGroup;
			children = (
			);
			path = ipad_section;
			sourceTree = "<group>";
		};
		F966167748216AD4DFC8FBDB /* Users */ = {
			isa = PBXGroup;
			children = (
				E676AEE19277EB446D7C6CA2 /* bigsexy */,
			);
			path = Users;
			sourceTree = "<group>";
		};
		FC21106AD9D15C67A0BD5204 /* Fluster */ = {
			isa = PBXGroup;
			children = (
				E4B79C28FB91AEFCC88E92E3 /* packages */,
			);
			name = Fluster;
			path = Fluster;
			sourceTree = "<group>";
		};
		FEBFF801D137D9303F63BCD6 /*  */ = {
			isa = PBXGroup;
			children = (
				484EEA612467732B602CE3D6 /*  */,
			);
			name = "";
			sourceTree = "<group>";
		};
		FEF86E26407DEC9E2FE00FDB /* webview_utils */ = {
			isa = PBXGroup;
			children = (
				856381EBDE5C215DDD80A43E /* src */,
			);
			path = webview_utils;
			sourceTree = "<group>";
		};
/* End PBXGroup section */

/* Begin PBXNativeTarget section */
		796F71032EB174610012B500 /* Fluster */ = {
			isa = PBXNativeTarget;
			buildConfigurationList = 796F71122EB174630012B500 /* Build configuration list for PBXNativeTarget "Fluster" */;
			buildPhases = (
				79AD78952EC9009C0030B3C5 /* ShellScript */,
				796F71002EB174610012B500 /* Sources */,
				796F71012EB174610012B500 /* Frameworks */,
				796F71022EB174610012B500 /* Resources */,
			);
			buildRules = (
			);
			dependencies = (
			);
			fileSystemSynchronizedGroups = (
				796F71062EB174610012B500 /* Fluster */,
			);
			name = Fluster;
			packageProductDependencies = (
				796F71222EB185380012B500 /* SVGView */,
				79C35B942EB8FA1B00806066 /* SwiftyBibtex */,
				79FB1F542ED928FB0041E1E0 /* FlusterSwift */,
				79513C742EF3AF3700FF4885 /* Testing */,
				79513C762EF3AF3700FF4885 /* _TestDiscovery */,
			);
			productName = Fluster;
			productReference = 796F71042EB174610012B500 /* Fluster.app */;
			productType = "com.apple.product-type.application";
		};
/* End PBXNativeTarget section */

/* Begin PBXProject section */
		796F70FC2EB174610012B500 /* Project object */ = {
			isa = PBXProject;
			attributes = {
				BuildIndependentTargetsInParallel = 1;
				LastSwiftUpdateCheck = 2600;
				LastUpgradeCheck = 2610;
				TargetAttributes = {
					796F71032EB174610012B500 = {
						CreatedOnToolsVersion = 26.0.1;
					};
				};
			};
			buildConfigurationList = 796F70FF2EB174610012B500 /* Build configuration list for PBXProject "Fluster" */;
			developmentRegion = en;
			hasScannedForEncodings = 0;
			knownRegions = (
				en,
				Base,
			);
			mainGroup = 796F70FB2EB174610012B500;
			minimizedProjectReferenceProxies = 1;
			packageReferences = (
				796F71212EB185380012B500 /* XCRemoteSwiftPackageReference "SVGView" */,
				79C35B932EB8FA1B00806066 /* XCRemoteSwiftPackageReference "SwiftyBibtex" */,
				79513C732EF3AF3700FF4885 /* XCRemoteSwiftPackageReference "swift-testing" */,
				79FB1F532ED928FB0041E1E0 /* XCLocalSwiftPackageReference "../../packages/swift/FlusterSwift" */,
				79F74C8B2EDE200C00E00653 /* XCLocalSwiftPackageReference "../../packages/rust/fluster_rust/FlusterRust" */,
			);
			preferredProjectObjectVersion = 77;
			productRefGroup = 796F71052EB174610012B500 /* Products */;
			projectDirPath = "";
			projectRoot = "";
			targets = (
				796F71032EB174610012B500 /* Fluster */,
			);
		};
/* End PBXProject section */

/* Begin PBXResourcesBuildPhase section */
		796F71022EB174610012B500 /* Resources */ = {
			isa = PBXResourcesBuildPhase;
			buildActionMask = 2147483647;
			files = (
				79ADEFFC2EFDBE4E00EB4E22 /* dictionary_webview in Resources */,
				79516C4D2EE893ED00573A77 /* splitview_mdx_editor in Resources */,
				79F936DF2EE38B8000777CDB /* note_detail_webview in Resources */,
				79FA54422ED8BB5F00D16F68 /* initial_note_docs in Resources */,
				79F130FF2ED218DE0082BA65 /* bibtex_editor_webview in Resources */,
				3D1543D27621E2BCEA2E4FBE /* subtitle.tsx in Resources */,
			);
			runOnlyForDeploymentPostprocessing = 0;
		};
/* End PBXResourcesBuildPhase section */

/* Begin PBXShellScriptBuildPhase section */
		79AD78952EC9009C0030B3C5 /* ShellScript */ = {
			isa = PBXShellScriptBuildPhase;
			buildActionMask = 2147483647;
			files = (
			);
			inputFileListPaths = (
			);
			inputPaths = (
			);
			outputFileListPaths = (
			);
			outputPaths = (
			);
			runOnlyForDeploymentPostprocessing = 0;
			shellPath = /bin/zsh;
			shellScript = "# This will clear the dist directory in the iOS app if there is one from a previous build\nrm -rf \"${BUILT_PRODUCTS_DIR}/${PRODUCT_NAME}.app/dist\"\n\ncd $FLUSTER_IOS_ROOT\n\n# echo $(which make)\n# /usr/bin/make pre_ipad_build\n";
		};
/* End PBXShellScriptBuildPhase section */

/* Begin PBXSourcesBuildPhase section */
		796F71002EB174610012B500 /* Sources */ = {
			isa = PBXSourcesBuildPhase;
			buildActionMask = 2147483647;
			files = (
			);
			runOnlyForDeploymentPostprocessing = 0;
		};
/* End PBXSourcesBuildPhase section */

/* Begin XCBuildConfiguration section */
		796F71132EB174630012B500 /* Debug */ = {
			isa = XCBuildConfiguration;
			buildSettings = {
				ASSETCATALOG_COMPILER_APPICON_NAME = AppIcon;
				ASSETCATALOG_COMPILER_GLOBAL_ACCENT_COLOR_NAME = AccentColor;
				CODE_SIGN_ENTITLEMENTS = Fluster/Fluster.entitlements;
				CODE_SIGN_STYLE = Automatic;
				CURRENT_PROJECT_VERSION = 1;
				DEVELOPMENT_TEAM = H27PZFYGUZ;
				ENABLE_PREVIEWS = YES;
				GENERATE_INFOPLIST_FILE = YES;
				INFOPLIST_FILE = Fluster/Info.plist;
				INFOPLIST_KEY_CFBundleDisplayName = Fluster;
				INFOPLIST_KEY_LSApplicationCategoryType = "public.app-category.education";
				INFOPLIST_KEY_UIApplicationSceneManifest_Generation = YES;
				INFOPLIST_KEY_UIApplicationSupportsIndirectInputEvents = YES;
				INFOPLIST_KEY_UILaunchScreen_Generation = YES;
				INFOPLIST_KEY_UISupportedInterfaceOrientations_iPad = "UIInterfaceOrientationPortrait UIInterfaceOrientationPortraitUpsideDown UIInterfaceOrientationLandscapeLeft UIInterfaceOrientationLandscapeRight";
				INFOPLIST_KEY_UISupportedInterfaceOrientations_iPhone = "UIInterfaceOrientationPortrait UIInterfaceOrientationLandscapeLeft UIInterfaceOrientationLandscapeRight";
				IPHONEOS_DEPLOYMENT_TARGET = 26.0;
				LD_RUNPATH_SEARCH_PATHS = (
					"$(inherited)",
					"@executable_path/Frameworks",
				);
				MARKETING_VERSION = 1.0;
				PRODUCT_BUNDLE_IDENTIFIER = iglooDevelopment.Fluster;
				PRODUCT_NAME = "$(TARGET_NAME)";
				STRING_CATALOG_GENERATE_SYMBOLS = YES;
				SWIFT_APPROACHABLE_CONCURRENCY = YES;
				SWIFT_DEFAULT_ACTOR_ISOLATION = MainActor;
				SWIFT_EMIT_LOC_STRINGS = YES;
				SWIFT_UPCOMING_FEATURE_MEMBER_IMPORT_VISIBILITY = YES;
				SWIFT_VERSION = 6.0;
				TARGETED_DEVICE_FAMILY = "1,2";
			};
			name = Debug;
		};
		796F71142EB174630012B500 /* Release */ = {
			isa = XCBuildConfiguration;
			buildSettings = {
				ASSETCATALOG_COMPILER_APPICON_NAME = AppIcon;
				ASSETCATALOG_COMPILER_GLOBAL_ACCENT_COLOR_NAME = AccentColor;
				CODE_SIGN_ENTITLEMENTS = Fluster/Fluster.entitlements;
				CODE_SIGN_STYLE = Automatic;
				CURRENT_PROJECT_VERSION = 1;
				DEVELOPMENT_TEAM = H27PZFYGUZ;
				ENABLE_PREVIEWS = YES;
				GENERATE_INFOPLIST_FILE = YES;
				INFOPLIST_FILE = Fluster/Info.plist;
				INFOPLIST_KEY_CFBundleDisplayName = Fluster;
				INFOPLIST_KEY_LSApplicationCategoryType = "public.app-category.education";
				INFOPLIST_KEY_UIApplicationSceneManifest_Generation = YES;
				INFOPLIST_KEY_UIApplicationSupportsIndirectInputEvents = YES;
				INFOPLIST_KEY_UILaunchScreen_Generation = YES;
				INFOPLIST_KEY_UISupportedInterfaceOrientations_iPad = "UIInterfaceOrientationPortrait UIInterfaceOrientationPortraitUpsideDown UIInterfaceOrientationLandscapeLeft UIInterfaceOrientationLandscapeRight";
				INFOPLIST_KEY_UISupportedInterfaceOrientations_iPhone = "UIInterfaceOrientationPortrait UIInterfaceOrientationLandscapeLeft UIInterfaceOrientationLandscapeRight";
				IPHONEOS_DEPLOYMENT_TARGET = 26.0;
				LD_RUNPATH_SEARCH_PATHS = (
					"$(inherited)",
					"@executable_path/Frameworks",
				);
				MARKETING_VERSION = 1.0;
				PRODUCT_BUNDLE_IDENTIFIER = iglooDevelopment.Fluster;
				PRODUCT_NAME = "$(TARGET_NAME)";
				STRING_CATALOG_GENERATE_SYMBOLS = YES;
				SWIFT_APPROACHABLE_CONCURRENCY = YES;
				SWIFT_DEFAULT_ACTOR_ISOLATION = MainActor;
				SWIFT_EMIT_LOC_STRINGS = YES;
				SWIFT_UPCOMING_FEATURE_MEMBER_IMPORT_VISIBILITY = YES;
				SWIFT_VERSION = 6.0;
				TARGETED_DEVICE_FAMILY = "1,2";
			};
			name = Release;
		};
		796F71152EB174630012B500 /* Debug */ = {
			isa = XCBuildConfiguration;
			buildSettings = {
				ALWAYS_SEARCH_USER_PATHS = NO;
				ASSETCATALOG_COMPILER_GENERATE_SWIFT_ASSET_SYMBOL_EXTENSIONS = YES;
				CLANG_ANALYZER_NONNULL = YES;
				CLANG_ANALYZER_NUMBER_OBJECT_CONVERSION = YES_AGGRESSIVE;
				CLANG_CXX_LANGUAGE_STANDARD = "gnu++20";
				CLANG_ENABLE_MODULES = YES;
				CLANG_ENABLE_OBJC_ARC = YES;
				CLANG_ENABLE_OBJC_WEAK = YES;
				CLANG_WARN_BLOCK_CAPTURE_AUTORELEASING = YES;
				CLANG_WARN_BOOL_CONVERSION = YES;
				CLANG_WARN_COMMA = YES;
				CLANG_WARN_CONSTANT_CONVERSION = YES;
				CLANG_WARN_DEPRECATED_OBJC_IMPLEMENTATIONS = YES;
				CLANG_WARN_DIRECT_OBJC_ISA_USAGE = YES_ERROR;
				CLANG_WARN_DOCUMENTATION_COMMENTS = YES;
				CLANG_WARN_EMPTY_BODY = YES;
				CLANG_WARN_ENUM_CONVERSION = YES;
				CLANG_WARN_INFINITE_RECURSION = YES;
				CLANG_WARN_INT_CONVERSION = YES;
				CLANG_WARN_NON_LITERAL_NULL_CONVERSION = YES;
				CLANG_WARN_OBJC_IMPLICIT_RETAIN_SELF = YES;
				CLANG_WARN_OBJC_LITERAL_CONVERSION = YES;
				CLANG_WARN_OBJC_ROOT_CLASS = YES_ERROR;
				CLANG_WARN_QUOTED_INCLUDE_IN_FRAMEWORK_HEADER = YES;
				CLANG_WARN_RANGE_LOOP_ANALYSIS = YES;
				CLANG_WARN_STRICT_PROTOTYPES = YES;
				CLANG_WARN_SUSPICIOUS_MOVE = YES;
				CLANG_WARN_UNGUARDED_AVAILABILITY = YES_AGGRESSIVE;
				CLANG_WARN_UNREACHABLE_CODE = YES;
				CLANG_WARN__DUPLICATE_METHOD_MATCH = YES;
				COPY_PHASE_STRIP = NO;
				DEBUG_INFORMATION_FORMAT = dwarf;
				DEVELOPMENT_TEAM = H27PZFYGUZ;
				ENABLE_STRICT_OBJC_MSGSEND = YES;
				ENABLE_TESTABILITY = YES;
				ENABLE_USER_SCRIPT_SANDBOXING = YES;
				GCC_C_LANGUAGE_STANDARD = gnu17;
				GCC_DYNAMIC_NO_PIC = NO;
				GCC_NO_COMMON_BLOCKS = YES;
				GCC_OPTIMIZATION_LEVEL = 0;
				GCC_PREPROCESSOR_DEFINITIONS = (
					"DEBUG=1",
					"$(inherited)",
				);
				GCC_WARN_64_TO_32_BIT_CONVERSION = YES;
				GCC_WARN_ABOUT_RETURN_TYPE = YES_ERROR;
				GCC_WARN_UNDECLARED_SELECTOR = YES;
				GCC_WARN_UNINITIALIZED_AUTOS = YES_AGGRESSIVE;
				GCC_WARN_UNUSED_FUNCTION = YES;
				GCC_WARN_UNUSED_VARIABLE = YES;
				IPHONEOS_DEPLOYMENT_TARGET = 26.0;
				LOCALIZATION_PREFERS_STRING_CATALOGS = YES;
				MTL_ENABLE_DEBUG_INFO = INCLUDE_SOURCE;
				MTL_FAST_MATH = YES;
				ONLY_ACTIVE_ARCH = YES;
				SDKROOT = iphoneos;
				STRING_CATALOG_GENERATE_SYMBOLS = YES;
				SWIFT_ACTIVE_COMPILATION_CONDITIONS = "DEBUG $(inherited)";
				SWIFT_OPTIMIZATION_LEVEL = "-Onone";
			};
			name = Debug;
		};
		796F71162EB174630012B500 /* Release */ = {
			isa = XCBuildConfiguration;
			buildSettings = {
				ALWAYS_SEARCH_USER_PATHS = NO;
				ASSETCATALOG_COMPILER_GENERATE_SWIFT_ASSET_SYMBOL_EXTENSIONS = YES;
				CLANG_ANALYZER_NONNULL = YES;
				CLANG_ANALYZER_NUMBER_OBJECT_CONVERSION = YES_AGGRESSIVE;
				CLANG_CXX_LANGUAGE_STANDARD = "gnu++20";
				CLANG_ENABLE_MODULES = YES;
				CLANG_ENABLE_OBJC_ARC = YES;
				CLANG_ENABLE_OBJC_WEAK = YES;
				CLANG_WARN_BLOCK_CAPTURE_AUTORELEASING = YES;
				CLANG_WARN_BOOL_CONVERSION = YES;
				CLANG_WARN_COMMA = YES;
				CLANG_WARN_CONSTANT_CONVERSION = YES;
				CLANG_WARN_DEPRECATED_OBJC_IMPLEMENTATIONS = YES;
				CLANG_WARN_DIRECT_OBJC_ISA_USAGE = YES_ERROR;
				CLANG_WARN_DOCUMENTATION_COMMENTS = YES;
				CLANG_WARN_EMPTY_BODY = YES;
				CLANG_WARN_ENUM_CONVERSION = YES;
				CLANG_WARN_INFINITE_RECURSION = YES;
				CLANG_WARN_INT_CONVERSION = YES;
				CLANG_WARN_NON_LITERAL_NULL_CONVERSION = YES;
				CLANG_WARN_OBJC_IMPLICIT_RETAIN_SELF = YES;
				CLANG_WARN_OBJC_LITERAL_CONVERSION = YES;
				CLANG_WARN_OBJC_ROOT_CLASS = YES_ERROR;
				CLANG_WARN_QUOTED_INCLUDE_IN_FRAMEWORK_HEADER = YES;
				CLANG_WARN_RANGE_LOOP_ANALYSIS = YES;
				CLANG_WARN_STRICT_PROTOTYPES = YES;
				CLANG_WARN_SUSPICIOUS_MOVE = YES;
				CLANG_WARN_UNGUARDED_AVAILABILITY = YES_AGGRESSIVE;
				CLANG_WARN_UNREACHABLE_CODE = YES;
				CLANG_WARN__DUPLICATE_METHOD_MATCH = YES;
				COPY_PHASE_STRIP = NO;
				DEBUG_INFORMATION_FORMAT = "dwarf-with-dsym";
				DEVELOPMENT_TEAM = H27PZFYGUZ;
				ENABLE_NS_ASSERTIONS = NO;
				ENABLE_STRICT_OBJC_MSGSEND = YES;
				ENABLE_USER_SCRIPT_SANDBOXING = YES;
				GCC_C_LANGUAGE_STANDARD = gnu17;
				GCC_NO_COMMON_BLOCKS = YES;
				GCC_WARN_64_TO_32_BIT_CONVERSION = YES;
				GCC_WARN_ABOUT_RETURN_TYPE = YES_ERROR;
				GCC_WARN_UNDECLARED_SELECTOR = YES;
				GCC_WARN_UNINITIALIZED_AUTOS = YES_AGGRESSIVE;
				GCC_WARN_UNUSED_FUNCTION = YES;
				GCC_WARN_UNUSED_VARIABLE = YES;
				IPHONEOS_DEPLOYMENT_TARGET = 26.0;
				LOCALIZATION_PREFERS_STRING_CATALOGS = YES;
				MTL_ENABLE_DEBUG_INFO = NO;
				MTL_FAST_MATH = YES;
				SDKROOT = iphoneos;
				STRING_CATALOG_GENERATE_SYMBOLS = YES;
				SWIFT_COMPILATION_MODE = wholemodule;
				VALIDATE_PRODUCT = YES;
			};
			name = Release;
		};
/* End XCBuildConfiguration section */

/* Begin XCConfigurationList section */
		796F70FF2EB174610012B500 /* Build configuration list for PBXProject "Fluster" */ = {
			isa = XCConfigurationList;
			buildConfigurations = (
				796F71152EB174630012B500 /* Debug */,
				796F71162EB174630012B500 /* Release */,
			);
			defaultConfigurationIsVisible = 0;
			defaultConfigurationName = Release;
		};
		796F71122EB174630012B500 /* Build configuration list for PBXNativeTarget "Fluster" */ = {
			isa = XCConfigurationList;
			buildConfigurations = (
				796F71132EB174630012B500 /* Debug */,
				796F71142EB174630012B500 /* Release */,
			);
			defaultConfigurationIsVisible = 0;
			defaultConfigurationName = Release;
		};
/* End XCConfigurationList section */

/* Begin XCLocalSwiftPackageReference section */
		79F74C8B2EDE200C00E00653 /* XCLocalSwiftPackageReference "../../packages/rust/fluster_rust/FlusterRust" */ = {
			isa = XCLocalSwiftPackageReference;
			relativePath = ../../packages/rust/fluster_rust/FlusterRust;
		};
		79FB1F532ED928FB0041E1E0 /* XCLocalSwiftPackageReference "../../packages/swift/FlusterSwift" */ = {
			isa = XCLocalSwiftPackageReference;
			relativePath = ../../packages/swift/FlusterSwift;
		};
/* End XCLocalSwiftPackageReference section */

/* Begin XCRemoteSwiftPackageReference section */
		79513C732EF3AF3700FF4885 /* XCRemoteSwiftPackageReference "swift-testing" */ = {
			isa = XCRemoteSwiftPackageReference;
			repositoryURL = "https://github.com/swiftlang/swift-testing";
			requirement = {
				kind = upToNextMajorVersion;
				minimumVersion = 6.2.3;
			};
		};
		796F71212EB185380012B500 /* XCRemoteSwiftPackageReference "SVGView" */ = {
			isa = XCRemoteSwiftPackageReference;
			repositoryURL = "https://github.com/exyte/SVGView";
			requirement = {
				kind = upToNextMajorVersion;
				minimumVersion = 1.0.6;
			};
		};
		79C35B932EB8FA1B00806066 /* XCRemoteSwiftPackageReference "SwiftyBibtex" */ = {
			isa = XCRemoteSwiftPackageReference;
			repositoryURL = "https://github.com/MaxHaertwig/SwiftyBibtex.git";
			requirement = {
				kind = upToNextMajorVersion;
				minimumVersion = 1.0.0;
			};
		};
/* End XCRemoteSwiftPackageReference section */

/* Begin XCSwiftPackageProductDependency section */
		79513C742EF3AF3700FF4885 /* Testing */ = {
			isa = XCSwiftPackageProductDependency;
			package = 79513C732EF3AF3700FF4885 /* XCRemoteSwiftPackageReference "swift-testing" */;
			productName = Testing;
		};
		79513C762EF3AF3700FF4885 /* _TestDiscovery */ = {
			isa = XCSwiftPackageProductDependency;
			package = 79513C732EF3AF3700FF4885 /* XCRemoteSwiftPackageReference "swift-testing" */;
			productName = _TestDiscovery;
		};
		796F71222EB185380012B500 /* SVGView */ = {
			isa = XCSwiftPackageProductDependency;
			package = 796F71212EB185380012B500 /* XCRemoteSwiftPackageReference "SVGView" */;
			productName = SVGView;
		};
		79C35B942EB8FA1B00806066 /* SwiftyBibtex */ = {
			isa = XCSwiftPackageProductDependency;
			package = 79C35B932EB8FA1B00806066 /* XCRemoteSwiftPackageReference "SwiftyBibtex" */;
			productName = SwiftyBibtex;
		};
		79FB1F542ED928FB0041E1E0 /* FlusterSwift */ = {
			isa = XCSwiftPackageProductDependency;
			productName = FlusterSwift;
		};
/* End XCSwiftPackageProductDependency section */
	};
	rootObject = 796F70FC2EB174610012B500 /* Project object */;
}
