// !$*UTF8*$!
{
	archiveVersion = 1;
	classes = {
	};
	objectVersion = 77;
	objects = {

/* Begin PBXBuildFile section */
		796F71232EB185380012B500 /* SVGView in Frameworks */ = {isa = PBXBuildFile; productRef = 796F71222EB185380012B500 /* SVGView */; };
		79AD78972EC903970030B3C5 /* dist in Resources */ = {isa = PBXBuildFile; fileRef = 79AD78962EC903970030B3C5 /* dist */; };
		79C35B5D2EB4403400806066 /* Yams in Frameworks */ = {isa = PBXBuildFile; productRef = 79C35B5C2EB4403400806066 /* Yams */; };
		79C35B602EB4416600806066 /* MarkdownUI in Frameworks */ = {isa = PBXBuildFile; productRef = 79C35B5F2EB4416600806066 /* MarkdownUI */; };
		79C35B952EB8FA1B00806066 /* SwiftyBibtex in Frameworks */ = {isa = PBXBuildFile; productRef = 79C35B942EB8FA1B00806066 /* SwiftyBibtex */; };
		79F130FF2ED218DE0082BA65 /* bibtex_editor_webview in Resources */ = {isa = PBXBuildFile; fileRef = 79F130FE2ED218DE0082BA65 /* bibtex_editor_webview */; };
		79F131092ED392740082BA65 /* FloatingButton in Frameworks */ = {isa = PBXBuildFile; productRef = 79F131082ED392740082BA65 /* FloatingButton */; };
		79FA54422ED8BB5F00D16F68 /* initial_note_docs in Resources */ = {isa = PBXBuildFile; fileRef = 79FA54412ED8BB5F00D16F68 /* initial_note_docs */; };
		79FFA6CD2EB4280100B09AE7 /* STTextView in Frameworks */ = {isa = PBXBuildFile; productRef = 79FFA6CC2EB4280100B09AE7 /* STTextView */; };
/* End PBXBuildFile section */

/* Begin PBXFileReference section */
		796F71042EB174610012B500 /* Fluster.app */ = {isa = PBXFileReference; explicitFileType = wrapper.application; includeInIndex = 0; path = Fluster.app; sourceTree = BUILT_PRODUCTS_DIR; };
		79AD78962EC903970030B3C5 /* dist */ = {isa = PBXFileReference; lastKnownFileType = folder; name = dist; path = ../../packages/webviews/editor_splitview_webview/dist; sourceTree = "<group>"; };
		79F130FE2ED218DE0082BA65 /* bibtex_editor_webview */ = {isa = PBXFileReference; lastKnownFileType = folder; name = bibtex_editor_webview; path = ../../packages/webviews/bibtex_editor_webview/bibtex_editor_webview; sourceTree = "<group>"; };
		79FA54412ED8BB5F00D16F68 /* initial_note_docs */ = {isa = PBXFileReference; lastKnownFileType = folder; name = initial_note_docs; path = ../../docs/initial_note_docs; sourceTree = "<group>"; };
/* End PBXFileReference section */

/* Begin PBXFileSystemSynchronizedBuildFileExceptionSet section */
		795BE0632EC532EE00292DFD /* Exceptions for "Fluster" folder in "Fluster" target */ = {
			isa = PBXFileSystemSynchronizedBuildFileExceptionSet;
			membershipExceptions = (
				Info.plist,
			);
			target = 796F71032EB174610012B500 /* Fluster */;
		};
/* End PBXFileSystemSynchronizedBuildFileExceptionSet section */

/* Begin PBXFileSystemSynchronizedRootGroup section */
		796F71062EB174610012B500 /* Fluster */ = {
			isa = PBXFileSystemSynchronizedRootGroup;
			exceptions = (
				795BE0632EC532EE00292DFD /* Exceptions for "Fluster" folder in "Fluster" target */,
			);
			path = Fluster;
			sourceTree = "<group>";
		};
/* End PBXFileSystemSynchronizedRootGroup section */

/* Begin PBXFrameworksBuildPhase section */
		796F71012EB174610012B500 /* Frameworks */ = {
			isa = PBXFrameworksBuildPhase;
			buildActionMask = 2147483647;
			files = (
				79F131092ED392740082BA65 /* FloatingButton in Frameworks */,
				796F71232EB185380012B500 /* SVGView in Frameworks */,
				79C35B5D2EB4403400806066 /* Yams in Frameworks */,
				79FFA6CD2EB4280100B09AE7 /* STTextView in Frameworks */,
				79C35B602EB4416600806066 /* MarkdownUI in Frameworks */,
				79C35B952EB8FA1B00806066 /* SwiftyBibtex in Frameworks */,
			);
			runOnlyForDeploymentPostprocessing = 0;
		};
/* End PBXFrameworksBuildPhase section */

/* Begin PBXGroup section */
		796F70FB2EB174610012B500 = {
			isa = PBXGroup;
			children = (
				79FA54412ED8BB5F00D16F68 /* initial_note_docs */,
				79F130FE2ED218DE0082BA65 /* bibtex_editor_webview */,
				79AD78962EC903970030B3C5 /* dist */,
				796F71062EB174610012B500 /* Fluster */,
				796F71052EB174610012B500 /* Products */,
			);
			sourceTree = "<group>";
		};
		796F71052EB174610012B500 /* Products */ = {
			isa = PBXGroup;
			children = (
				796F71042EB174610012B500 /* Fluster.app */,
			);
			name = Products;
			sourceTree = "<group>";
		};
/* End PBXGroup section */

/* Begin PBXNativeTarget section */
		796F71032EB174610012B500 /* Fluster */ = {
			isa = PBXNativeTarget;
			buildConfigurationList = 796F71122EB174630012B500 /* Build configuration list for PBXNativeTarget "Fluster" */;
			buildPhases = (
				79AD78952EC9009C0030B3C5 /* ShellScript */,
				796F71002EB174610012B500 /* Sources */,
				796F71012EB174610012B500 /* Frameworks */,
				796F71022EB174610012B500 /* Resources */,
			);
			buildRules = (
			);
			dependencies = (
			);
			fileSystemSynchronizedGroups = (
				796F71062EB174610012B500 /* Fluster */,
			);
			name = Fluster;
			packageProductDependencies = (
				796F71222EB185380012B500 /* SVGView */,
				79FFA6CC2EB4280100B09AE7 /* STTextView */,
				79C35B5C2EB4403400806066 /* Yams */,
				79C35B5F2EB4416600806066 /* MarkdownUI */,
				79C35B942EB8FA1B00806066 /* SwiftyBibtex */,
				79F131082ED392740082BA65 /* FloatingButton */,
			);
			productName = Fluster;
			productReference = 796F71042EB174610012B500 /* Fluster.app */;
			productType = "com.apple.product-type.application";
		};
/* End PBXNativeTarget section */

/* Begin PBXProject section */
		796F70FC2EB174610012B500 /* Project object */ = {
			isa = PBXProject;
			attributes = {
				BuildIndependentTargetsInParallel = 1;
				LastSwiftUpdateCheck = 2600;
				LastUpgradeCheck = 2610;
				TargetAttributes = {
					796F71032EB174610012B500 = {
						CreatedOnToolsVersion = 26.0.1;
					};
				};
			};
			buildConfigurationList = 796F70FF2EB174610012B500 /* Build configuration list for PBXProject "Fluster" */;
			developmentRegion = en;
			hasScannedForEncodings = 0;
			knownRegions = (
				en,
				Base,
			);
			mainGroup = 796F70FB2EB174610012B500;
			minimizedProjectReferenceProxies = 1;
			packageReferences = (
				796F71212EB185380012B500 /* XCRemoteSwiftPackageReference "SVGView" */,
				79FFA6CB2EB4280100B09AE7 /* XCRemoteSwiftPackageReference "STTextView" */,
				79C35B5B2EB4403400806066 /* XCRemoteSwiftPackageReference "Yams" */,
				79C35B5E2EB4416600806066 /* XCRemoteSwiftPackageReference "swift-markdown-ui" */,
				79C35B932EB8FA1B00806066 /* XCRemoteSwiftPackageReference "SwiftyBibtex" */,
				79F131072ED392740082BA65 /* XCRemoteSwiftPackageReference "FloatingButton" */,
			);
			preferredProjectObjectVersion = 77;
			productRefGroup = 796F71052EB174610012B500 /* Products */;
			projectDirPath = "";
			projectRoot = "";
			targets = (
				796F71032EB174610012B500 /* Fluster */,
			);
		};
/* End PBXProject section */

/* Begin PBXResourcesBuildPhase section */
		796F71022EB174610012B500 /* Resources */ = {
			isa = PBXResourcesBuildPhase;
			buildActionMask = 2147483647;
			files = (
				79FA54422ED8BB5F00D16F68 /* initial_note_docs in Resources */,
				79F130FF2ED218DE0082BA65 /* bibtex_editor_webview in Resources */,
				79AD78972EC903970030B3C5 /* dist in Resources */,
			);
			runOnlyForDeploymentPostprocessing = 0;
		};
/* End PBXResourcesBuildPhase section */

/* Begin PBXShellScriptBuildPhase section */
		79AD78952EC9009C0030B3C5 /* ShellScript */ = {
			isa = PBXShellScriptBuildPhase;
			buildActionMask = 2147483647;
			files = (
			);
			inputFileListPaths = (
			);
			inputPaths = (
			);
			outputFileListPaths = (
			);
			outputPaths = (
			);
			runOnlyForDeploymentPostprocessing = 0;
			shellPath = /bin/sh;
			shellScript = "# This will clear the dist directory in the iOS app if there is one from a previous build\nrm -rf \"${BUILT_PRODUCTS_DIR}/${PRODUCT_NAME}.app/dist\"\n\ncd ../../packages/webview_utils\n\n~/.pnpm/pnpm install\n~/.pnpm/pnpm build\n\ncd ../webviews/editor_splitview_webview\n\n~/.pnpm/pnpm install\n~/.pnpm/pnpm run build\n\ncd ../bibtex_editor_webview\n\n~/.pnpm/pnpm install\n~/.pnpm/pnpm run build\n";
		};
/* End PBXShellScriptBuildPhase section */

/* Begin PBXSourcesBuildPhase section */
		796F71002EB174610012B500 /* Sources */ = {
			isa = PBXSourcesBuildPhase;
			buildActionMask = 2147483647;
			files = (
			);
			runOnlyForDeploymentPostprocessing = 0;
		};
/* End PBXSourcesBuildPhase section */

/* Begin XCBuildConfiguration section */
		796F71132EB174630012B500 /* Debug */ = {
			isa = XCBuildConfiguration;
			buildSettings = {
				ASSETCATALOG_COMPILER_APPICON_NAME = AppIcon;
				ASSETCATALOG_COMPILER_GLOBAL_ACCENT_COLOR_NAME = AccentColor;
				CODE_SIGN_ENTITLEMENTS = Fluster/Fluster.entitlements;
				CODE_SIGN_STYLE = Automatic;
				CURRENT_PROJECT_VERSION = 1;
				DEVELOPMENT_TEAM = H27PZFYGUZ;
				ENABLE_PREVIEWS = YES;
				GENERATE_INFOPLIST_FILE = YES;
				INFOPLIST_FILE = Fluster/Info.plist;
				INFOPLIST_KEY_CFBundleDisplayName = Fluster;
				INFOPLIST_KEY_LSApplicationCategoryType = "public.app-category.education";
				INFOPLIST_KEY_UIApplicationSceneManifest_Generation = YES;
				INFOPLIST_KEY_UIApplicationSupportsIndirectInputEvents = YES;
				INFOPLIST_KEY_UILaunchScreen_Generation = YES;
				INFOPLIST_KEY_UISupportedInterfaceOrientations_iPad = "UIInterfaceOrientationPortrait UIInterfaceOrientationPortraitUpsideDown UIInterfaceOrientationLandscapeLeft UIInterfaceOrientationLandscapeRight";
				INFOPLIST_KEY_UISupportedInterfaceOrientations_iPhone = "UIInterfaceOrientationPortrait UIInterfaceOrientationLandscapeLeft UIInterfaceOrientationLandscapeRight";
				IPHONEOS_DEPLOYMENT_TARGET = 26.0;
				LD_RUNPATH_SEARCH_PATHS = (
					"$(inherited)",
					"@executable_path/Frameworks",
				);
				MARKETING_VERSION = 1.0;
				PRODUCT_BUNDLE_IDENTIFIER = iglooDevelopment.Fluster;
				PRODUCT_NAME = "$(TARGET_NAME)";
				STRING_CATALOG_GENERATE_SYMBOLS = YES;
				SWIFT_APPROACHABLE_CONCURRENCY = YES;
				SWIFT_DEFAULT_ACTOR_ISOLATION = MainActor;
				SWIFT_EMIT_LOC_STRINGS = YES;
				SWIFT_UPCOMING_FEATURE_MEMBER_IMPORT_VISIBILITY = YES;
				SWIFT_VERSION = 5.0;
				TARGETED_DEVICE_FAMILY = "1,2";
			};
			name = Debug;
		};
		796F71142EB174630012B500 /* Release */ = {
			isa = XCBuildConfiguration;
			buildSettings = {
				ASSETCATALOG_COMPILER_APPICON_NAME = AppIcon;
				ASSETCATALOG_COMPILER_GLOBAL_ACCENT_COLOR_NAME = AccentColor;
				CODE_SIGN_ENTITLEMENTS = Fluster/Fluster.entitlements;
				CODE_SIGN_STYLE = Automatic;
				CURRENT_PROJECT_VERSION = 1;
				DEVELOPMENT_TEAM = H27PZFYGUZ;
				ENABLE_PREVIEWS = YES;
				GENERATE_INFOPLIST_FILE = YES;
				INFOPLIST_FILE = Fluster/Info.plist;
				INFOPLIST_KEY_CFBundleDisplayName = Fluster;
				INFOPLIST_KEY_LSApplicationCategoryType = "public.app-category.education";
				INFOPLIST_KEY_UIApplicationSceneManifest_Generation = YES;
				INFOPLIST_KEY_UIApplicationSupportsIndirectInputEvents = YES;
				INFOPLIST_KEY_UILaunchScreen_Generation = YES;
				INFOPLIST_KEY_UISupportedInterfaceOrientations_iPad = "UIInterfaceOrientationPortrait UIInterfaceOrientationPortraitUpsideDown UIInterfaceOrientationLandscapeLeft UIInterfaceOrientationLandscapeRight";
				INFOPLIST_KEY_UISupportedInterfaceOrientations_iPhone = "UIInterfaceOrientationPortrait UIInterfaceOrientationLandscapeLeft UIInterfaceOrientationLandscapeRight";
				IPHONEOS_DEPLOYMENT_TARGET = 26.0;
				LD_RUNPATH_SEARCH_PATHS = (
					"$(inherited)",
					"@executable_path/Frameworks",
				);
				MARKETING_VERSION = 1.0;
				PRODUCT_BUNDLE_IDENTIFIER = iglooDevelopment.Fluster;
				PRODUCT_NAME = "$(TARGET_NAME)";
				STRING_CATALOG_GENERATE_SYMBOLS = YES;
				SWIFT_APPROACHABLE_CONCURRENCY = YES;
				SWIFT_DEFAULT_ACTOR_ISOLATION = MainActor;
				SWIFT_EMIT_LOC_STRINGS = YES;
				SWIFT_UPCOMING_FEATURE_MEMBER_IMPORT_VISIBILITY = YES;
				SWIFT_VERSION = 5.0;
				TARGETED_DEVICE_FAMILY = "1,2";
			};
			name = Release;
		};
		796F71152EB174630012B500 /* Debug */ = {
			isa = XCBuildConfiguration;
			buildSettings = {
				ALWAYS_SEARCH_USER_PATHS = NO;
				ASSETCATALOG_COMPILER_GENERATE_SWIFT_ASSET_SYMBOL_EXTENSIONS = YES;
				CLANG_ANALYZER_NONNULL = YES;
				CLANG_ANALYZER_NUMBER_OBJECT_CONVERSION = YES_AGGRESSIVE;
				CLANG_CXX_LANGUAGE_STANDARD = "gnu++20";
				CLANG_ENABLE_MODULES = YES;
				CLANG_ENABLE_OBJC_ARC = YES;
				CLANG_ENABLE_OBJC_WEAK = YES;
				CLANG_WARN_BLOCK_CAPTURE_AUTORELEASING = YES;
				CLANG_WARN_BOOL_CONVERSION = YES;
				CLANG_WARN_COMMA = YES;
				CLANG_WARN_CONSTANT_CONVERSION = YES;
				CLANG_WARN_DEPRECATED_OBJC_IMPLEMENTATIONS = YES;
				CLANG_WARN_DIRECT_OBJC_ISA_USAGE = YES_ERROR;
				CLANG_WARN_DOCUMENTATION_COMMENTS = YES;
				CLANG_WARN_EMPTY_BODY = YES;
				CLANG_WARN_ENUM_CONVERSION = YES;
				CLANG_WARN_INFINITE_RECURSION = YES;
				CLANG_WARN_INT_CONVERSION = YES;
				CLANG_WARN_NON_LITERAL_NULL_CONVERSION = YES;
				CLANG_WARN_OBJC_IMPLICIT_RETAIN_SELF = YES;
				CLANG_WARN_OBJC_LITERAL_CONVERSION = YES;
				CLANG_WARN_OBJC_ROOT_CLASS = YES_ERROR;
				CLANG_WARN_QUOTED_INCLUDE_IN_FRAMEWORK_HEADER = YES;
				CLANG_WARN_RANGE_LOOP_ANALYSIS = YES;
				CLANG_WARN_STRICT_PROTOTYPES = YES;
				CLANG_WARN_SUSPICIOUS_MOVE = YES;
				CLANG_WARN_UNGUARDED_AVAILABILITY = YES_AGGRESSIVE;
				CLANG_WARN_UNREACHABLE_CODE = YES;
				CLANG_WARN__DUPLICATE_METHOD_MATCH = YES;
				COPY_PHASE_STRIP = NO;
				DEBUG_INFORMATION_FORMAT = dwarf;
				DEVELOPMENT_TEAM = H27PZFYGUZ;
				ENABLE_STRICT_OBJC_MSGSEND = YES;
				ENABLE_TESTABILITY = YES;
				ENABLE_USER_SCRIPT_SANDBOXING = YES;
				GCC_C_LANGUAGE_STANDARD = gnu17;
				GCC_DYNAMIC_NO_PIC = NO;
				GCC_NO_COMMON_BLOCKS = YES;
				GCC_OPTIMIZATION_LEVEL = 0;
				GCC_PREPROCESSOR_DEFINITIONS = (
					"DEBUG=1",
					"$(inherited)",
				);
				GCC_WARN_64_TO_32_BIT_CONVERSION = YES;
				GCC_WARN_ABOUT_RETURN_TYPE = YES_ERROR;
				GCC_WARN_UNDECLARED_SELECTOR = YES;
				GCC_WARN_UNINITIALIZED_AUTOS = YES_AGGRESSIVE;
				GCC_WARN_UNUSED_FUNCTION = YES;
				GCC_WARN_UNUSED_VARIABLE = YES;
				IPHONEOS_DEPLOYMENT_TARGET = 26.0;
				LOCALIZATION_PREFERS_STRING_CATALOGS = YES;
				MTL_ENABLE_DEBUG_INFO = INCLUDE_SOURCE;
				MTL_FAST_MATH = YES;
				ONLY_ACTIVE_ARCH = YES;
				SDKROOT = iphoneos;
				STRING_CATALOG_GENERATE_SYMBOLS = YES;
				SWIFT_ACTIVE_COMPILATION_CONDITIONS = "DEBUG $(inherited)";
				SWIFT_OPTIMIZATION_LEVEL = "-Onone";
			};
			name = Debug;
		};
		796F71162EB174630012B500 /* Release */ = {
			isa = XCBuildConfiguration;
			buildSettings = {
				ALWAYS_SEARCH_USER_PATHS = NO;
				ASSETCATALOG_COMPILER_GENERATE_SWIFT_ASSET_SYMBOL_EXTENSIONS = YES;
				CLANG_ANALYZER_NONNULL = YES;
				CLANG_ANALYZER_NUMBER_OBJECT_CONVERSION = YES_AGGRESSIVE;
				CLANG_CXX_LANGUAGE_STANDARD = "gnu++20";
				CLANG_ENABLE_MODULES = YES;
				CLANG_ENABLE_OBJC_ARC = YES;
				CLANG_ENABLE_OBJC_WEAK = YES;
				CLANG_WARN_BLOCK_CAPTURE_AUTORELEASING = YES;
				CLANG_WARN_BOOL_CONVERSION = YES;
				CLANG_WARN_COMMA = YES;
				CLANG_WARN_CONSTANT_CONVERSION = YES;
				CLANG_WARN_DEPRECATED_OBJC_IMPLEMENTATIONS = YES;
				CLANG_WARN_DIRECT_OBJC_ISA_USAGE = YES_ERROR;
				CLANG_WARN_DOCUMENTATION_COMMENTS = YES;
				CLANG_WARN_EMPTY_BODY = YES;
				CLANG_WARN_ENUM_CONVERSION = YES;
				CLANG_WARN_INFINITE_RECURSION = YES;
				CLANG_WARN_INT_CONVERSION = YES;
				CLANG_WARN_NON_LITERAL_NULL_CONVERSION = YES;
				CLANG_WARN_OBJC_IMPLICIT_RETAIN_SELF = YES;
				CLANG_WARN_OBJC_LITERAL_CONVERSION = YES;
				CLANG_WARN_OBJC_ROOT_CLASS = YES_ERROR;
				CLANG_WARN_QUOTED_INCLUDE_IN_FRAMEWORK_HEADER = YES;
				CLANG_WARN_RANGE_LOOP_ANALYSIS = YES;
				CLANG_WARN_STRICT_PROTOTYPES = YES;
				CLANG_WARN_SUSPICIOUS_MOVE = YES;
				CLANG_WARN_UNGUARDED_AVAILABILITY = YES_AGGRESSIVE;
				CLANG_WARN_UNREACHABLE_CODE = YES;
				CLANG_WARN__DUPLICATE_METHOD_MATCH = YES;
				COPY_PHASE_STRIP = NO;
				DEBUG_INFORMATION_FORMAT = "dwarf-with-dsym";
				DEVELOPMENT_TEAM = H27PZFYGUZ;
				ENABLE_NS_ASSERTIONS = NO;
				ENABLE_STRICT_OBJC_MSGSEND = YES;
				ENABLE_USER_SCRIPT_SANDBOXING = YES;
				GCC_C_LANGUAGE_STANDARD = gnu17;
				GCC_NO_COMMON_BLOCKS = YES;
				GCC_WARN_64_TO_32_BIT_CONVERSION = YES;
				GCC_WARN_ABOUT_RETURN_TYPE = YES_ERROR;
				GCC_WARN_UNDECLARED_SELECTOR = YES;
				GCC_WARN_UNINITIALIZED_AUTOS = YES_AGGRESSIVE;
				GCC_WARN_UNUSED_FUNCTION = YES;
				GCC_WARN_UNUSED_VARIABLE = YES;
				IPHONEOS_DEPLOYMENT_TARGET = 26.0;
				LOCALIZATION_PREFERS_STRING_CATALOGS = YES;
				MTL_ENABLE_DEBUG_INFO = NO;
				MTL_FAST_MATH = YES;
				SDKROOT = iphoneos;
				STRING_CATALOG_GENERATE_SYMBOLS = YES;
				SWIFT_COMPILATION_MODE = wholemodule;
				VALIDATE_PRODUCT = YES;
			};
			name = Release;
		};
/* End XCBuildConfiguration section */

/* Begin XCConfigurationList section */
		796F70FF2EB174610012B500 /* Build configuration list for PBXProject "Fluster" */ = {
			isa = XCConfigurationList;
			buildConfigurations = (
				796F71152EB174630012B500 /* Debug */,
				796F71162EB174630012B500 /* Release */,
			);
			defaultConfigurationIsVisible = 0;
			defaultConfigurationName = Release;
		};
		796F71122EB174630012B500 /* Build configuration list for PBXNativeTarget "Fluster" */ = {
			isa = XCConfigurationList;
			buildConfigurations = (
				796F71132EB174630012B500 /* Debug */,
				796F71142EB174630012B500 /* Release */,
			);
			defaultConfigurationIsVisible = 0;
			defaultConfigurationName = Release;
		};
/* End XCConfigurationList section */

/* Begin XCRemoteSwiftPackageReference section */
		796F71212EB185380012B500 /* XCRemoteSwiftPackageReference "SVGView" */ = {
			isa = XCRemoteSwiftPackageReference;
			repositoryURL = "https://github.com/exyte/SVGView";
			requirement = {
				kind = upToNextMajorVersion;
				minimumVersion = 1.0.6;
			};
		};
		79C35B5B2EB4403400806066 /* XCRemoteSwiftPackageReference "Yams" */ = {
			isa = XCRemoteSwiftPackageReference;
			repositoryURL = "https://github.com/jpsim/Yams";
			requirement = {
				kind = upToNextMajorVersion;
				minimumVersion = 6.2.0;
			};
		};
		79C35B5E2EB4416600806066 /* XCRemoteSwiftPackageReference "swift-markdown-ui" */ = {
			isa = XCRemoteSwiftPackageReference;
			repositoryURL = "https://github.com/gonzalezreal/swift-markdown-ui";
			requirement = {
				kind = upToNextMajorVersion;
				minimumVersion = 2.4.1;
			};
		};
		79C35B932EB8FA1B00806066 /* XCRemoteSwiftPackageReference "SwiftyBibtex" */ = {
			isa = XCRemoteSwiftPackageReference;
			repositoryURL = "https://github.com/MaxHaertwig/SwiftyBibtex.git";
			requirement = {
				kind = upToNextMajorVersion;
				minimumVersion = 1.0.0;
			};
		};
		79F131072ED392740082BA65 /* XCRemoteSwiftPackageReference "FloatingButton" */ = {
			isa = XCRemoteSwiftPackageReference;
			repositoryURL = "https://github.com/exyte/FloatingButton";
			requirement = {
				kind = upToNextMajorVersion;
				minimumVersion = 1.4.0;
			};
		};
		79FFA6CB2EB4280100B09AE7 /* XCRemoteSwiftPackageReference "STTextView" */ = {
			isa = XCRemoteSwiftPackageReference;
			repositoryURL = "https://github.com/krzyzanowskim/STTextView";
			requirement = {
				kind = exactVersion;
				version = 2.2.4;
			};
		};
/* End XCRemoteSwiftPackageReference section */

/* Begin XCSwiftPackageProductDependency section */
		796F71222EB185380012B500 /* SVGView */ = {
			isa = XCSwiftPackageProductDependency;
			package = 796F71212EB185380012B500 /* XCRemoteSwiftPackageReference "SVGView" */;
			productName = SVGView;
		};
		79C35B5C2EB4403400806066 /* Yams */ = {
			isa = XCSwiftPackageProductDependency;
			package = 79C35B5B2EB4403400806066 /* XCRemoteSwiftPackageReference "Yams" */;
			productName = Yams;
		};
		79C35B5F2EB4416600806066 /* MarkdownUI */ = {
			isa = XCSwiftPackageProductDependency;
			package = 79C35B5E2EB4416600806066 /* XCRemoteSwiftPackageReference "swift-markdown-ui" */;
			productName = MarkdownUI;
		};
		79C35B942EB8FA1B00806066 /* SwiftyBibtex */ = {
			isa = XCSwiftPackageProductDependency;
			package = 79C35B932EB8FA1B00806066 /* XCRemoteSwiftPackageReference "SwiftyBibtex" */;
			productName = SwiftyBibtex;
		};
		79F131082ED392740082BA65 /* FloatingButton */ = {
			isa = XCSwiftPackageProductDependency;
			package = 79F131072ED392740082BA65 /* XCRemoteSwiftPackageReference "FloatingButton" */;
			productName = FloatingButton;
		};
		79FFA6CC2EB4280100B09AE7 /* STTextView */ = {
			isa = XCSwiftPackageProductDependency;
			package = 79FFA6CB2EB4280100B09AE7 /* XCRemoteSwiftPackageReference "STTextView" */;
			productName = STTextView;
		};
/* End XCSwiftPackageProductDependency section */
	};
	rootObject = 796F70FC2EB174610012B500 /* Project object */;
}
