// !$*UTF8*$!
{
	archiveVersion = 1;
	classes = {
	};
	objectVersion = 77;
	objects = {

/* Begin PBXBuildFile section */
		049C76C1C7F8C29049FE8927 /* .swiftlint.yml in Resources */ = {isa = PBXBuildFile; fileRef = C0305B23A6A2F59F862FB5A7 /* .swiftlint.yml */; };
		3CB18915032A2FDCC5C5FC60 /* justfile in Resources */ = {isa = PBXBuildFile; fileRef = 71CCE89ADF1D9C5A763575CD /* justfile */; };
		79513C752EF3AF3700FF4885 /* Testing in Frameworks */ = {isa = PBXBuildFile; productRef = 79513C742EF3AF3700FF4885 /* Testing */; };
		79513C772EF3AF3700FF4885 /* _TestDiscovery in Frameworks */ = {isa = PBXBuildFile; productRef = 79513C762EF3AF3700FF4885 /* _TestDiscovery */; };
		79516C4D2EE893ED00573A77 /* splitview_mdx_editor in Resources */ = {isa = PBXBuildFile; fileRef = 79516C4C2EE893ED00573A77 /* splitview_mdx_editor */; };
		796F71232EB185380012B500 /* SVGView in Frameworks */ = {isa = PBXBuildFile; productRef = 796F71222EB185380012B500 /* SVGView */; };
		79C35B952EB8FA1B00806066 /* SwiftyBibtex in Frameworks */ = {isa = PBXBuildFile; productRef = 79C35B942EB8FA1B00806066 /* SwiftyBibtex */; };
		79F130FF2ED218DE0082BA65 /* bibtex_editor_webview in Resources */ = {isa = PBXBuildFile; fileRef = 79F130FE2ED218DE0082BA65 /* bibtex_editor_webview */; };
		79F936DF2EE38B8000777CDB /* note_detail_webview in Resources */ = {isa = PBXBuildFile; fileRef = 79F936DE2EE38B8000777CDB /* note_detail_webview */; };
		79FA54422ED8BB5F00D16F68 /* initial_note_docs in Resources */ = {isa = PBXBuildFile; fileRef = 79FA54412ED8BB5F00D16F68 /* initial_note_docs */; };
		79FB1F552ED928FB0041E1E0 /* FlusterSwift in Frameworks */ = {isa = PBXBuildFile; productRef = 79FB1F542ED928FB0041E1E0 /* FlusterSwift */; };
		85F7E96FBFB0A0A2B8F36109 /* bibliography_tab.swift in Sources */ = {isa = PBXBuildFile; fileRef = F2E54063C22E019A775516C1 /* bibliography_tab.swift */; };
		C27CDAAB607547E2715E69E7 /* note_details_tab.swift in Sources */ = {isa = PBXBuildFile; fileRef = D3A7F9DCEA3AD54345FF1F97 /* note_details_tab.swift */; };
		D6F6437FF42F82DE0AE4FF5F /* paper_tab.swift in Sources */ = {isa = PBXBuildFile; fileRef = B253FAAA5C8BE2BCBE4C5C9B /* paper_tab.swift */; };
/* End PBXBuildFile section */

/* Begin PBXFileReference section */
		71CCE89ADF1D9C5A763575CD /* justfile */ = {isa = PBXFileReference; name = justfile; path = ../../../../../../../justfile; sourceTree = "<group>"; };
		7930C3F82EDA740A0063B3DA /* standalone_mdx_editor */ = {isa = PBXFileReference; lastKnownFileType = folder; name = standalone_mdx_editor; path = ../../packages/webviews/standalone_mdx_editor/standalone_mdx_editor; sourceTree = "<group>"; };
		79516C4B2EE8933900573A77 /* note_detail_webview */ = {isa = PBXFileReference; lastKnownFileType = folder; name = note_detail_webview; path = ../../packages/webviews/note_detail_webview/note_detail_webview; sourceTree = "<group>"; };
		79516C4C2EE893ED00573A77 /* splitview_mdx_editor */ = {isa = PBXFileReference; lastKnownFileType = folder; name = splitview_mdx_editor; path = ../../packages/webviews/splitview_mdx_editor/splitview_mdx_editor; sourceTree = "<group>"; };
		796F71042EB174610012B500 /* Fluster.app */ = {isa = PBXFileReference; explicitFileType = wrapper.application; includeInIndex = 0; path = Fluster.app; sourceTree = BUILT_PRODUCTS_DIR; };
		797DB4F32EDF70700047C0F4 /* FlusterRust */ = {isa = PBXFileReference; lastKnownFileType = wrapper; name = FlusterRust; path = ../../packages/rust/fluster_rust/FlusterRust; sourceTree = "<group>"; };
		79AC14432EDB4D1700E3773F /* standalone_mdx_preview */ = {isa = PBXFileReference; lastKnownFileType = folder; name = standalone_mdx_preview; path = ../../packages/webviews/standalone_mdx_preview/standalone_mdx_preview; sourceTree = "<group>"; };
		79F130FE2ED218DE0082BA65 /* bibtex_editor_webview */ = {isa = PBXFileReference; lastKnownFileType = folder; name = bibtex_editor_webview; path = ../../packages/webviews/bibtex_editor_webview/bibtex_editor_webview; sourceTree = "<group>"; };
		79F74C892EDE1EFB00E00653 /* splitview_mdx_editor */ = {isa = PBXFileReference; lastKnownFileType = folder; name = splitview_mdx_editor; path = ../../packages/webviews/splitview_mdx_editor/splitview_mdx_editor; sourceTree = "<group>"; };
		79F936DE2EE38B8000777CDB /* note_detail_webview */ = {isa = PBXFileReference; lastKnownFileType = folder; name = note_detail_webview; path = ../../packages/webviews/note_detail_webview/note_detail_webview; sourceTree = "<group>"; };
		79FA54412ED8BB5F00D16F68 /* initial_note_docs */ = {isa = PBXFileReference; lastKnownFileType = folder; name = initial_note_docs; path = ../../docs/initial_note_docs; sourceTree = "<group>"; };
		B253FAAA5C8BE2BCBE4C5C9B /* paper_tab.swift */ = {isa = PBXFileReference; explicitFileType = sourcecode.swift; lastKnownFileType = sourcecode.swift; name = paper_tab.swift; path = paper_tab.swift; sourceTree = "<group>"; };
		C0305B23A6A2F59F862FB5A7 /* .swiftlint.yml */ = {isa = PBXFileReference; explicitFileType = text.yaml; lastKnownFileType = text.yaml; name = .swiftlint.yml; path = .swiftlint.yml; sourceTree = "<group>"; };
		D3A7F9DCEA3AD54345FF1F97 /* note_details_tab.swift */ = {isa = PBXFileReference; explicitFileType = sourcecode.swift; lastKnownFileType = sourcecode.swift; name = note_details_tab.swift; path = note_details_tab.swift; sourceTree = "<group>"; };
		F2E54063C22E019A775516C1 /* bibliography_tab.swift */ = {isa = PBXFileReference; explicitFileType = sourcecode.swift; lastKnownFileType = sourcecode.swift; name = bibliography_tab.swift; path = bibliography_tab.swift; sourceTree = "<group>"; };
/* End PBXFileReference section */

/* Begin PBXFileSystemSynchronizedBuildFileExceptionSet section */
		795BE0632EC532EE00292DFD /* PBXFileSystemSynchronizedBuildFileExceptionSet */ = {
			isa = PBXFileSystemSynchronizedBuildFileExceptionSet;
			membershipExceptions = (
				Info.plist,
			);
			target = 796F71032EB174610012B500 /* Fluster */;
		};
/* End PBXFileSystemSynchronizedBuildFileExceptionSet section */

/* Begin PBXFileSystemSynchronizedRootGroup section */
		796F71062EB174610012B500 /* Fluster */ = {
			isa = PBXFileSystemSynchronizedRootGroup;
			exceptions = (
				795BE0632EC532EE00292DFD /* PBXFileSystemSynchronizedBuildFileExceptionSet */,
			);
			path = Fluster;
			sourceTree = "<group>";
		};
/* End PBXFileSystemSynchronizedRootGroup section */

/* Begin PBXFrameworksBuildPhase section */
		796F71012EB174610012B500 /* Frameworks */ = {
			isa = PBXFrameworksBuildPhase;
			buildActionMask = 2147483647;
			files = (
				796F71232EB185380012B500 /* SVGView in Frameworks */,
				79513C752EF3AF3700FF4885 /* Testing in Frameworks */,
				79FB1F552ED928FB0041E1E0 /* FlusterSwift in Frameworks */,
				79513C772EF3AF3700FF4885 /* _TestDiscovery in Frameworks */,
				79C35B952EB8FA1B00806066 /* SwiftyBibtex in Frameworks */,
			);
			runOnlyForDeploymentPostprocessing = 0;
		};
/* End PBXFrameworksBuildPhase section */

/* Begin PBXGroup section */
		05AE33E79441E1918824A6C0 /* Fluster */ = {
			isa = PBXGroup;
			children = (
				71CCE89ADF1D9C5A763575CD /* justfile */,
			);
			name = Fluster;
			path = Fluster;
			sourceTree = "<group>";
		};
		07FD343EA4BE911F37A886E3 /* swift */ = {
			isa = PBXGroup;
			children = (
				72A5D3DB793355C0111E1A35 /* Fluster */,
			);
			name = swift;
			path = swift;
			sourceTree = "<group>";
		};
		25B3A03E628BA002AF0AE182 /*  */ = {
			isa = PBXGroup;
			children = (
				88A3B4AE5C3E240DC85005E2 /*  */,
			);
			name = "";
			path = "";
			sourceTree = "<group>";
		};
		263F368CC02F42648E2DCEF2 /* search_tab_group */ = {
			isa = PBXGroup;
			children = (
			);
			name = search_tab_group;
			path = search_tab_group;
			sourceTree = "<group>";
		};
		29AD23B1707B7E482EBF992A /* tabs */ = {
			isa = PBXGroup;
			children = (
				D3A7F9DCEA3AD54345FF1F97 /* note_details_tab.swift */,
				B253FAAA5C8BE2BCBE4C5C9B /* paper_tab.swift */,
				F2E54063C22E019A775516C1 /* bibliography_tab.swift */,
				263F368CC02F42648E2DCEF2 /* search_tab_group */,
				389D76A01E68E737C6C2D4E9 /* fluster_tab_group */,
			);
			name = tabs;
			path = tabs;
			sourceTree = "<group>";
		};
		2F5389157151290887826DFE /* views */ = {
			isa = PBXGroup;
			children = (
				B2B6E61FFEAA942DD8160A1A /* main_tab_view */,
			);
			name = views;
			path = views;
			sourceTree = "<group>";
		};
		389D76A01E68E737C6C2D4E9 /* fluster_tab_group */ = {
			isa = PBXGroup;
			children = (
			);
			name = fluster_tab_group;
			path = fluster_tab_group;
			sourceTree = "<group>";
		};
		635A3503B7E165734BFC91EB /* Desktop */ = {
			isa = PBXGroup;
			children = (
				930336F1A11FE94B4E48883F /* swift */,
			);
			name = Desktop;
			path = Desktop;
			sourceTree = "<group>";
		};
		64D50EE8A0FC9965EBF51AB2 /* Users */ = {
			isa = PBXGroup;
			children = (
				93F74A2C12C792A47E7622C3 /* bigsexy */,
			);
			name = Users;
			path = Users;
			sourceTree = "<group>";
		};
		72A5D3DB793355C0111E1A35 /* Fluster */ = {
			isa = PBXGroup;
			children = (
				C0305B23A6A2F59F862FB5A7 /* .swiftlint.yml */,
			);
			name = Fluster;
			path = Fluster;
			sourceTree = "<group>";
		};
		796F70FB2EB174610012B500 = {
			isa = PBXGroup;
			children = (
				79516C4C2EE893ED00573A77 /* splitview_mdx_editor */,
				79F936DE2EE38B8000777CDB /* note_detail_webview */,
				79516C4B2EE8933900573A77 /* note_detail_webview */,
				79F74C892EDE1EFB00E00653 /* splitview_mdx_editor */,
				79AC14432EDB4D1700E3773F /* standalone_mdx_preview */,
				7930C3F82EDA740A0063B3DA /* standalone_mdx_editor */,
				79FA54412ED8BB5F00D16F68 /* initial_note_docs */,
				79F130FE2ED218DE0082BA65 /* bibtex_editor_webview */,
				796F71062EB174610012B500 /* Fluster */,
				797DB4F22EDF70700047C0F4 /* Frameworks */,
				796F71052EB174610012B500 /* Products */,
				819D8055FCB997F1B7A2A388 /* Fluster */,
				C1892C916668CC4994864DF5 /*  */,
				25B3A03E628BA002AF0AE182 /*  */,
			);
			sourceTree = "<group>";
		};
		796F71052EB174610012B500 /* Products */ = {
			isa = PBXGroup;
			children = (
				796F71042EB174610012B500 /* Fluster.app */,
			);
			name = Products;
			sourceTree = "<group>";
		};
		797DB4F22EDF70700047C0F4 /* Frameworks */ = {
			isa = PBXGroup;
			children = (
				797DB4F32EDF70700047C0F4 /* FlusterRust */,
			);
			name = Frameworks;
			sourceTree = "<group>";
		};
		819D8055FCB997F1B7A2A388 /* Fluster */ = {
			isa = PBXGroup;
			children = (
				93FC37F0FD70AA8705295D52 /* Features */,
			);
			name = Fluster;
			path = Fluster;
			sourceTree = "<group>";
		};
		88A3B4AE5C3E240DC85005E2 /*  */ = {
			isa = PBXGroup;
			children = (
				64D50EE8A0FC9965EBF51AB2 /* Users */,
			);
			name = "";
			path = "";
			sourceTree = "<group>";
		};
		930336F1A11FE94B4E48883F /* swift */ = {
			isa = PBXGroup;
			children = (
				05AE33E79441E1918824A6C0 /* Fluster */,
			);
			name = swift;
			path = swift;
			sourceTree = "<group>";
		};
		93F74A2C12C792A47E7622C3 /* bigsexy */ = {
			isa = PBXGroup;
			children = (
				635A3503B7E165734BFC91EB /* Desktop */,
			);
			name = bigsexy;
			path = bigsexy;
			sourceTree = "<group>";
		};
		93FC37F0FD70AA8705295D52 /* Features */ = {
			isa = PBXGroup;
			children = (
				9E5C6AEAC8F9CC37AB2B2694 /* navigation */,
			);
			name = Features;
			path = Features;
			sourceTree = "<group>";
		};
		9E5C6AEAC8F9CC37AB2B2694 /* navigation */ = {
			isa = PBXGroup;
			children = (
				2F5389157151290887826DFE /* views */,
			);
			name = navigation;
			path = navigation;
			sourceTree = "<group>";
		};
		ADFE9FB411F9C864D31C89CB /*  */ = {
			isa = PBXGroup;
			children = (
				B693D53624DEC8DFC5BAF3B5 /* Users */,
			);
			name = "";
			path = "";
			sourceTree = "<group>";
		};
		B2B6E61FFEAA942DD8160A1A /* main_tab_view */ = {
			isa = PBXGroup;
			children = (
				29AD23B1707B7E482EBF992A /* tabs */,
			);
			name = main_tab_view;
			path = main_tab_view;
			sourceTree = "<group>";
		};
		B44E5513D455E07C5674C411 /* bigsexy */ = {
			isa = PBXGroup;
			children = (
				EF9A00ADF0C17CC0E2AA96C0 /* Desktop */,
			);
			name = bigsexy;
			path = bigsexy;
			sourceTree = "<group>";
		};
		B693D53624DEC8DFC5BAF3B5 /* Users */ = {
			isa = PBXGroup;
			children = (
				B44E5513D455E07C5674C411 /* bigsexy */,
			);
			name = Users;
			path = Users;
			sourceTree = "<group>";
		};
		C1892C916668CC4994864DF5 /*  */ = {
			isa = PBXGroup;
			children = (
				ADFE9FB411F9C864D31C89CB /*  */,
			);
			name = "";
			path = "";
			sourceTree = "<group>";
		};
		EF9A00ADF0C17CC0E2AA96C0 /* Desktop */ = {
			isa = PBXGroup;
			children = (
				07FD343EA4BE911F37A886E3 /* swift */,
			);
			name = Desktop;
			path = Desktop;
			sourceTree = "<group>";
		};
/* End PBXGroup section */

/* Begin PBXNativeTarget section */
		796F71032EB174610012B500 /* Fluster */ = {
			isa = PBXNativeTarget;
			buildConfigurationList = 796F71122EB174630012B500 /* Build configuration list for PBXNativeTarget "Fluster" */;
			buildPhases = (
				79AD78952EC9009C0030B3C5 /* ShellScript */,
				796F71002EB174610012B500 /* Sources */,
				796F71012EB174610012B500 /* Frameworks */,
				796F71022EB174610012B500 /* Resources */,
			);
			buildRules = (
			);
			dependencies = (
			);
			fileSystemSynchronizedGroups = (
				796F71062EB174610012B500 /* Fluster */,
			);
			name = Fluster;
			packageProductDependencies = (
				796F71222EB185380012B500 /* SVGView */,
				79C35B942EB8FA1B00806066 /* SwiftyBibtex */,
				79FB1F542ED928FB0041E1E0 /* FlusterSwift */,
				79513C742EF3AF3700FF4885 /* Testing */,
				79513C762EF3AF3700FF4885 /* _TestDiscovery */,
			);
			productName = Fluster;
			productReference = 796F71042EB174610012B500 /* Fluster.app */;
			productType = "com.apple.product-type.application";
		};
/* End PBXNativeTarget section */

/* Begin PBXProject section */
		796F70FC2EB174610012B500 /* Project object */ = {
			isa = PBXProject;
			attributes = {
				BuildIndependentTargetsInParallel = 1;
				LastSwiftUpdateCheck = 2600;
				LastUpgradeCheck = 2610;
				TargetAttributes = {
					796F71032EB174610012B500 = {
						CreatedOnToolsVersion = 26.0.1;
					};
				};
			};
			buildConfigurationList = 796F70FF2EB174610012B500 /* Build configuration list for PBXProject "Fluster" */;
			developmentRegion = en;
			hasScannedForEncodings = 0;
			knownRegions = (
				en,
				Base,
			);
			mainGroup = 796F70FB2EB174610012B500;
			minimizedProjectReferenceProxies = 1;
			packageReferences = (
				796F71212EB185380012B500 /* XCRemoteSwiftPackageReference "SVGView" */,
				79C35B932EB8FA1B00806066 /* XCRemoteSwiftPackageReference "SwiftyBibtex" */,
				79513C732EF3AF3700FF4885 /* XCRemoteSwiftPackageReference "swift-testing" */,
				79FB1F532ED928FB0041E1E0 /* XCLocalSwiftPackageReference "../../packages/swift/FlusterSwift" */,
				79F74C8B2EDE200C00E00653 /* XCLocalSwiftPackageReference "../../packages/rust/fluster_rust/FlusterRust" */,
			);
			preferredProjectObjectVersion = 77;
			productRefGroup = 796F71052EB174610012B500 /* Products */;
			projectDirPath = "";
			projectRoot = "";
			targets = (
				796F71032EB174610012B500 /* Fluster */,
			);
		};
/* End PBXProject section */

/* Begin PBXResourcesBuildPhase section */
		796F71022EB174610012B500 /* Resources */ = {
			isa = PBXResourcesBuildPhase;
			buildActionMask = 2147483647;
			files = (
				79516C4D2EE893ED00573A77 /* splitview_mdx_editor in Resources */,
				79F936DF2EE38B8000777CDB /* note_detail_webview in Resources */,
				79FA54422ED8BB5F00D16F68 /* initial_note_docs in Resources */,
				79F130FF2ED218DE0082BA65 /* bibtex_editor_webview in Resources */,
				049C76C1C7F8C29049FE8927 /* .swiftlint.yml in Resources */,
				3CB18915032A2FDCC5C5FC60 /* justfile in Resources */,
			);
			runOnlyForDeploymentPostprocessing = 0;
		};
/* End PBXResourcesBuildPhase section */

/* Begin PBXShellScriptBuildPhase section */
		79AD78952EC9009C0030B3C5 /* ShellScript */ = {
			isa = PBXShellScriptBuildPhase;
			buildActionMask = 2147483647;
			files = (
			);
			inputFileListPaths = (
			);
			inputPaths = (
			);
			outputFileListPaths = (
			);
			outputPaths = (
			);
			runOnlyForDeploymentPostprocessing = 0;
			shellPath = /bin/zsh;
			shellScript = "# This will clear the dist directory in the iOS app if there is one from a previous build\nrm -rf \"${BUILT_PRODUCTS_DIR}/${PRODUCT_NAME}.app/dist\"\n\ncd $FLUSTER_IOS_ROOT\n\n# echo $(which make)\n# /usr/bin/make pre_ipad_build\n";
		};
/* End PBXShellScriptBuildPhase section */

/* Begin PBXSourcesBuildPhase section */
		796F71002EB174610012B500 /* Sources */ = {
			isa = PBXSourcesBuildPhase;
			buildActionMask = 2147483647;
			files = (
				C27CDAAB607547E2715E69E7 /* note_details_tab.swift in Sources */,
				D6F6437FF42F82DE0AE4FF5F /* paper_tab.swift in Sources */,
				85F7E96FBFB0A0A2B8F36109 /* bibliography_tab.swift in Sources */,
			);
			runOnlyForDeploymentPostprocessing = 0;
		};
/* End PBXSourcesBuildPhase section */

/* Begin XCBuildConfiguration section */
		796F71132EB174630012B500 /* Debug */ = {
			isa = XCBuildConfiguration;
			buildSettings = {
				ASSETCATALOG_COMPILER_APPICON_NAME = AppIcon;
				ASSETCATALOG_COMPILER_GLOBAL_ACCENT_COLOR_NAME = AccentColor;
				CODE_SIGN_ENTITLEMENTS = Fluster/Fluster.entitlements;
				CODE_SIGN_STYLE = Automatic;
				CURRENT_PROJECT_VERSION = 1;
				DEVELOPMENT_TEAM = H27PZFYGUZ;
				ENABLE_PREVIEWS = YES;
				GENERATE_INFOPLIST_FILE = YES;
				INFOPLIST_FILE = Fluster/Info.plist;
				INFOPLIST_KEY_CFBundleDisplayName = Fluster;
				INFOPLIST_KEY_LSApplicationCategoryType = "public.app-category.education";
				INFOPLIST_KEY_UIApplicationSceneManifest_Generation = YES;
				INFOPLIST_KEY_UIApplicationSupportsIndirectInputEvents = YES;
				INFOPLIST_KEY_UILaunchScreen_Generation = YES;
				INFOPLIST_KEY_UISupportedInterfaceOrientations_iPad = "UIInterfaceOrientationPortrait UIInterfaceOrientationPortraitUpsideDown UIInterfaceOrientationLandscapeLeft UIInterfaceOrientationLandscapeRight";
				INFOPLIST_KEY_UISupportedInterfaceOrientations_iPhone = "UIInterfaceOrientationPortrait UIInterfaceOrientationLandscapeLeft UIInterfaceOrientationLandscapeRight";
				IPHONEOS_DEPLOYMENT_TARGET = 26.0;
				LD_RUNPATH_SEARCH_PATHS = (
					"$(inherited)",
					"@executable_path/Frameworks",
				);
				MARKETING_VERSION = 1.0;
				PRODUCT_BUNDLE_IDENTIFIER = iglooDevelopment.Fluster;
				PRODUCT_NAME = "$(TARGET_NAME)";
				STRING_CATALOG_GENERATE_SYMBOLS = YES;
				SWIFT_APPROACHABLE_CONCURRENCY = YES;
				SWIFT_DEFAULT_ACTOR_ISOLATION = MainActor;
				SWIFT_EMIT_LOC_STRINGS = YES;
				SWIFT_UPCOMING_FEATURE_MEMBER_IMPORT_VISIBILITY = YES;
				SWIFT_VERSION = 6.0;
				TARGETED_DEVICE_FAMILY = "1,2";
			};
			name = Debug;
		};
		796F71142EB174630012B500 /* Release */ = {
			isa = XCBuildConfiguration;
			buildSettings = {
				ASSETCATALOG_COMPILER_APPICON_NAME = AppIcon;
				ASSETCATALOG_COMPILER_GLOBAL_ACCENT_COLOR_NAME = AccentColor;
				CODE_SIGN_ENTITLEMENTS = Fluster/Fluster.entitlements;
				CODE_SIGN_STYLE = Automatic;
				CURRENT_PROJECT_VERSION = 1;
				DEVELOPMENT_TEAM = H27PZFYGUZ;
				ENABLE_PREVIEWS = YES;
				GENERATE_INFOPLIST_FILE = YES;
				INFOPLIST_FILE = Fluster/Info.plist;
				INFOPLIST_KEY_CFBundleDisplayName = Fluster;
				INFOPLIST_KEY_LSApplicationCategoryType = "public.app-category.education";
				INFOPLIST_KEY_UIApplicationSceneManifest_Generation = YES;
				INFOPLIST_KEY_UIApplicationSupportsIndirectInputEvents = YES;
				INFOPLIST_KEY_UILaunchScreen_Generation = YES;
				INFOPLIST_KEY_UISupportedInterfaceOrientations_iPad = "UIInterfaceOrientationPortrait UIInterfaceOrientationPortraitUpsideDown UIInterfaceOrientationLandscapeLeft UIInterfaceOrientationLandscapeRight";
				INFOPLIST_KEY_UISupportedInterfaceOrientations_iPhone = "UIInterfaceOrientationPortrait UIInterfaceOrientationLandscapeLeft UIInterfaceOrientationLandscapeRight";
				IPHONEOS_DEPLOYMENT_TARGET = 26.0;
				LD_RUNPATH_SEARCH_PATHS = (
					"$(inherited)",
					"@executable_path/Frameworks",
				);
				MARKETING_VERSION = 1.0;
				PRODUCT_BUNDLE_IDENTIFIER = iglooDevelopment.Fluster;
				PRODUCT_NAME = "$(TARGET_NAME)";
				STRING_CATALOG_GENERATE_SYMBOLS = YES;
				SWIFT_APPROACHABLE_CONCURRENCY = YES;
				SWIFT_DEFAULT_ACTOR_ISOLATION = MainActor;
				SWIFT_EMIT_LOC_STRINGS = YES;
				SWIFT_UPCOMING_FEATURE_MEMBER_IMPORT_VISIBILITY = YES;
				SWIFT_VERSION = 6.0;
				TARGETED_DEVICE_FAMILY = "1,2";
			};
			name = Release;
		};
		796F71152EB174630012B500 /* Debug */ = {
			isa = XCBuildConfiguration;
			buildSettings = {
				ALWAYS_SEARCH_USER_PATHS = NO;
				ASSETCATALOG_COMPILER_GENERATE_SWIFT_ASSET_SYMBOL_EXTENSIONS = YES;
				CLANG_ANALYZER_NONNULL = YES;
				CLANG_ANALYZER_NUMBER_OBJECT_CONVERSION = YES_AGGRESSIVE;
				CLANG_CXX_LANGUAGE_STANDARD = "gnu++20";
				CLANG_ENABLE_MODULES = YES;
				CLANG_ENABLE_OBJC_ARC = YES;
				CLANG_ENABLE_OBJC_WEAK = YES;
				CLANG_WARN_BLOCK_CAPTURE_AUTORELEASING = YES;
				CLANG_WARN_BOOL_CONVERSION = YES;
				CLANG_WARN_COMMA = YES;
				CLANG_WARN_CONSTANT_CONVERSION = YES;
				CLANG_WARN_DEPRECATED_OBJC_IMPLEMENTATIONS = YES;
				CLANG_WARN_DIRECT_OBJC_ISA_USAGE = YES_ERROR;
				CLANG_WARN_DOCUMENTATION_COMMENTS = YES;
				CLANG_WARN_EMPTY_BODY = YES;
				CLANG_WARN_ENUM_CONVERSION = YES;
				CLANG_WARN_INFINITE_RECURSION = YES;
				CLANG_WARN_INT_CONVERSION = YES;
				CLANG_WARN_NON_LITERAL_NULL_CONVERSION = YES;
				CLANG_WARN_OBJC_IMPLICIT_RETAIN_SELF = YES;
				CLANG_WARN_OBJC_LITERAL_CONVERSION = YES;
				CLANG_WARN_OBJC_ROOT_CLASS = YES_ERROR;
				CLANG_WARN_QUOTED_INCLUDE_IN_FRAMEWORK_HEADER = YES;
				CLANG_WARN_RANGE_LOOP_ANALYSIS = YES;
				CLANG_WARN_STRICT_PROTOTYPES = YES;
				CLANG_WARN_SUSPICIOUS_MOVE = YES;
				CLANG_WARN_UNGUARDED_AVAILABILITY = YES_AGGRESSIVE;
				CLANG_WARN_UNREACHABLE_CODE = YES;
				CLANG_WARN__DUPLICATE_METHOD_MATCH = YES;
				COPY_PHASE_STRIP = NO;
				DEBUG_INFORMATION_FORMAT = dwarf;
				DEVELOPMENT_TEAM = H27PZFYGUZ;
				ENABLE_STRICT_OBJC_MSGSEND = YES;
				ENABLE_TESTABILITY = YES;
				ENABLE_USER_SCRIPT_SANDBOXING = YES;
				GCC_C_LANGUAGE_STANDARD = gnu17;
				GCC_DYNAMIC_NO_PIC = NO;
				GCC_NO_COMMON_BLOCKS = YES;
				GCC_OPTIMIZATION_LEVEL = 0;
				GCC_PREPROCESSOR_DEFINITIONS = (
					"DEBUG=1",
					"$(inherited)",
				);
				GCC_WARN_64_TO_32_BIT_CONVERSION = YES;
				GCC_WARN_ABOUT_RETURN_TYPE = YES_ERROR;
				GCC_WARN_UNDECLARED_SELECTOR = YES;
				GCC_WARN_UNINITIALIZED_AUTOS = YES_AGGRESSIVE;
				GCC_WARN_UNUSED_FUNCTION = YES;
				GCC_WARN_UNUSED_VARIABLE = YES;
				IPHONEOS_DEPLOYMENT_TARGET = 26.0;
				LOCALIZATION_PREFERS_STRING_CATALOGS = YES;
				MTL_ENABLE_DEBUG_INFO = INCLUDE_SOURCE;
				MTL_FAST_MATH = YES;
				ONLY_ACTIVE_ARCH = YES;
				SDKROOT = iphoneos;
				STRING_CATALOG_GENERATE_SYMBOLS = YES;
				SWIFT_ACTIVE_COMPILATION_CONDITIONS = "DEBUG $(inherited)";
				SWIFT_OPTIMIZATION_LEVEL = "-Onone";
			};
			name = Debug;
		};
		796F71162EB174630012B500 /* Release */ = {
			isa = XCBuildConfiguration;
			buildSettings = {
				ALWAYS_SEARCH_USER_PATHS = NO;
				ASSETCATALOG_COMPILER_GENERATE_SWIFT_ASSET_SYMBOL_EXTENSIONS = YES;
				CLANG_ANALYZER_NONNULL = YES;
				CLANG_ANALYZER_NUMBER_OBJECT_CONVERSION = YES_AGGRESSIVE;
				CLANG_CXX_LANGUAGE_STANDARD = "gnu++20";
				CLANG_ENABLE_MODULES = YES;
				CLANG_ENABLE_OBJC_ARC = YES;
				CLANG_ENABLE_OBJC_WEAK = YES;
				CLANG_WARN_BLOCK_CAPTURE_AUTORELEASING = YES;
				CLANG_WARN_BOOL_CONVERSION = YES;
				CLANG_WARN_COMMA = YES;
				CLANG_WARN_CONSTANT_CONVERSION = YES;
				CLANG_WARN_DEPRECATED_OBJC_IMPLEMENTATIONS = YES;
				CLANG_WARN_DIRECT_OBJC_ISA_USAGE = YES_ERROR;
				CLANG_WARN_DOCUMENTATION_COMMENTS = YES;
				CLANG_WARN_EMPTY_BODY = YES;
				CLANG_WARN_ENUM_CONVERSION = YES;
				CLANG_WARN_INFINITE_RECURSION = YES;
				CLANG_WARN_INT_CONVERSION = YES;
				CLANG_WARN_NON_LITERAL_NULL_CONVERSION = YES;
				CLANG_WARN_OBJC_IMPLICIT_RETAIN_SELF = YES;
				CLANG_WARN_OBJC_LITERAL_CONVERSION = YES;
				CLANG_WARN_OBJC_ROOT_CLASS = YES_ERROR;
				CLANG_WARN_QUOTED_INCLUDE_IN_FRAMEWORK_HEADER = YES;
				CLANG_WARN_RANGE_LOOP_ANALYSIS = YES;
				CLANG_WARN_STRICT_PROTOTYPES = YES;
				CLANG_WARN_SUSPICIOUS_MOVE = YES;
				CLANG_WARN_UNGUARDED_AVAILABILITY = YES_AGGRESSIVE;
				CLANG_WARN_UNREACHABLE_CODE = YES;
				CLANG_WARN__DUPLICATE_METHOD_MATCH = YES;
				COPY_PHASE_STRIP = NO;
				DEBUG_INFORMATION_FORMAT = "dwarf-with-dsym";
				DEVELOPMENT_TEAM = H27PZFYGUZ;
				ENABLE_NS_ASSERTIONS = NO;
				ENABLE_STRICT_OBJC_MSGSEND = YES;
				ENABLE_USER_SCRIPT_SANDBOXING = YES;
				GCC_C_LANGUAGE_STANDARD = gnu17;
				GCC_NO_COMMON_BLOCKS = YES;
				GCC_WARN_64_TO_32_BIT_CONVERSION = YES;
				GCC_WARN_ABOUT_RETURN_TYPE = YES_ERROR;
				GCC_WARN_UNDECLARED_SELECTOR = YES;
				GCC_WARN_UNINITIALIZED_AUTOS = YES_AGGRESSIVE;
				GCC_WARN_UNUSED_FUNCTION = YES;
				GCC_WARN_UNUSED_VARIABLE = YES;
				IPHONEOS_DEPLOYMENT_TARGET = 26.0;
				LOCALIZATION_PREFERS_STRING_CATALOGS = YES;
				MTL_ENABLE_DEBUG_INFO = NO;
				MTL_FAST_MATH = YES;
				SDKROOT = iphoneos;
				STRING_CATALOG_GENERATE_SYMBOLS = YES;
				SWIFT_COMPILATION_MODE = wholemodule;
				VALIDATE_PRODUCT = YES;
			};
			name = Release;
		};
/* End XCBuildConfiguration section */

/* Begin XCConfigurationList section */
		796F70FF2EB174610012B500 /* Build configuration list for PBXProject "Fluster" */ = {
			isa = XCConfigurationList;
			buildConfigurations = (
				796F71152EB174630012B500 /* Debug */,
				796F71162EB174630012B500 /* Release */,
			);
			defaultConfigurationIsVisible = 0;
			defaultConfigurationName = Release;
		};
		796F71122EB174630012B500 /* Build configuration list for PBXNativeTarget "Fluster" */ = {
			isa = XCConfigurationList;
			buildConfigurations = (
				796F71132EB174630012B500 /* Debug */,
				796F71142EB174630012B500 /* Release */,
			);
			defaultConfigurationIsVisible = 0;
			defaultConfigurationName = Release;
		};
/* End XCConfigurationList section */

/* Begin XCLocalSwiftPackageReference section */
		79F74C8B2EDE200C00E00653 /* XCLocalSwiftPackageReference "../../packages/rust/fluster_rust/FlusterRust" */ = {
			isa = XCLocalSwiftPackageReference;
			relativePath = ../../packages/rust/fluster_rust/FlusterRust;
		};
		79FB1F532ED928FB0041E1E0 /* XCLocalSwiftPackageReference "../../packages/swift/FlusterSwift" */ = {
			isa = XCLocalSwiftPackageReference;
			relativePath = ../../packages/swift/FlusterSwift;
		};
/* End XCLocalSwiftPackageReference section */

/* Begin XCRemoteSwiftPackageReference section */
		79513C732EF3AF3700FF4885 /* XCRemoteSwiftPackageReference "swift-testing" */ = {
			isa = XCRemoteSwiftPackageReference;
			repositoryURL = "https://github.com/swiftlang/swift-testing";
			requirement = {
				kind = upToNextMajorVersion;
				minimumVersion = 6.2.3;
			};
		};
		796F71212EB185380012B500 /* XCRemoteSwiftPackageReference "SVGView" */ = {
			isa = XCRemoteSwiftPackageReference;
			repositoryURL = "https://github.com/exyte/SVGView";
			requirement = {
				kind = upToNextMajorVersion;
				minimumVersion = 1.0.6;
			};
		};
		79C35B932EB8FA1B00806066 /* XCRemoteSwiftPackageReference "SwiftyBibtex" */ = {
			isa = XCRemoteSwiftPackageReference;
			repositoryURL = "https://github.com/MaxHaertwig/SwiftyBibtex.git";
			requirement = {
				kind = upToNextMajorVersion;
				minimumVersion = 1.0.0;
			};
		};
/* End XCRemoteSwiftPackageReference section */

/* Begin XCSwiftPackageProductDependency section */
		79513C742EF3AF3700FF4885 /* Testing */ = {
			isa = XCSwiftPackageProductDependency;
			package = 79513C732EF3AF3700FF4885 /* XCRemoteSwiftPackageReference "swift-testing" */;
			productName = Testing;
		};
		79513C762EF3AF3700FF4885 /* _TestDiscovery */ = {
			isa = XCSwiftPackageProductDependency;
			package = 79513C732EF3AF3700FF4885 /* XCRemoteSwiftPackageReference "swift-testing" */;
			productName = _TestDiscovery;
		};
		796F71222EB185380012B500 /* SVGView */ = {
			isa = XCSwiftPackageProductDependency;
			package = 796F71212EB185380012B500 /* XCRemoteSwiftPackageReference "SVGView" */;
			productName = SVGView;
		};
		79C35B942EB8FA1B00806066 /* SwiftyBibtex */ = {
			isa = XCSwiftPackageProductDependency;
			package = 79C35B932EB8FA1B00806066 /* XCRemoteSwiftPackageReference "SwiftyBibtex" */;
			productName = SwiftyBibtex;
		};
		79FB1F542ED928FB0041E1E0 /* FlusterSwift */ = {
			isa = XCSwiftPackageProductDependency;
			productName = FlusterSwift;
		};
/* End XCSwiftPackageProductDependency section */
	};
	rootObject = 796F70FC2EB174610012B500 /* Project object */;
}
